// !$*UTF8*$!
{
	archiveVersion = 1;
	classes = {
	};
	objectVersion = 46;
	objects = {

/* Begin PBXBuildFile section */
		AF8B0E407B161EC4B33498A2 /* libPods.a in Frameworks */ = {isa = PBXBuildFile; fileRef = 92AC7E5A516979365D3C355E /* libPods.a */; };
		F90163901B744D3100947246 /* SinaNewsController.m in Sources */ = {isa = PBXBuildFile; fileRef = F901638F1B744D3100947246 /* SinaNewsController.m */; };
		F90163931B7451CE00947246 /* 163NewsController.m in Sources */ = {isa = PBXBuildFile; fileRef = F90163921B7451CE00947246 /* 163NewsController.m */; };
		F90221331B7833C200746066 /* iconfont_tie@2x.png in Resources */ = {isa = PBXBuildFile; fileRef = F90221311B7833C200746066 /* iconfont_tie@2x.png */; };
		F90221341B7833C200746066 /* iconfont_sina@2x.png in Resources */ = {isa = PBXBuildFile; fileRef = F90221321B7833C200746066 /* iconfont_sina@2x.png */; };
		F90221361B783A8B00746066 /* iconfont_163@2x.png in Resources */ = {isa = PBXBuildFile; fileRef = F90221351B783A8B00746066 /* iconfont_163@2x.png */; };
		F90221391B7840A600746066 /* ScoreController.m in Sources */ = {isa = PBXBuildFile; fileRef = F90221381B7840A600746066 /* ScoreController.m */; };
		F991E3201B79B49200F787B1 /* iconfont_weibo@2x.png in Resources */ = {isa = PBXBuildFile; fileRef = F991E31F1B79B49200F787B1 /* iconfont_weibo@2x.png */; };
		F991E3231B79B4F600F787B1 /* Common.m in Sources */ = {isa = PBXBuildFile; fileRef = F991E3221B79B4F600F787B1 /* Common.m */; };
		F9ADE4781B799562006B1E5A /* iconfont_score@2x.png in Resources */ = {isa = PBXBuildFile; fileRef = F9ADE4771B799562006B1E5A /* iconfont_score@2x.png */; };
		F9ADE47B1B799805006B1E5A /* WeiboController.m in Sources */ = {isa = PBXBuildFile; fileRef = F9ADE47A1B799805006B1E5A /* WeiboController.m */; };
		F9F004C81B79C8AC00A24D6C /* iconfont_more@2x.png in Resources */ = {isa = PBXBuildFile; fileRef = F9F004C71B79C8AC00A24D6C /* iconfont_more@2x.png */; };
		F9F004CB1B79C8C100A24D6C /* MoreController.m in Sources */ = {isa = PBXBuildFile; fileRef = F9F004CA1B79C8C100A24D6C /* MoreController.m */; };
		F9FFDED01B72EBC700B9AA82 /* main.m in Sources */ = {isa = PBXBuildFile; fileRef = F9FFDECF1B72EBC700B9AA82 /* main.m */; };
		F9FFDED31B72EBC700B9AA82 /* AppDelegate.m in Sources */ = {isa = PBXBuildFile; fileRef = F9FFDED21B72EBC700B9AA82 /* AppDelegate.m */; };
		F9FFDED61B72EBC700B9AA82 /* ViewController.m in Sources */ = {isa = PBXBuildFile; fileRef = F9FFDED51B72EBC700B9AA82 /* ViewController.m */; };
		F9FFDED91B72EBC700B9AA82 /* Main.storyboard in Resources */ = {isa = PBXBuildFile; fileRef = F9FFDED71B72EBC700B9AA82 /* Main.storyboard */; };
		F9FFDEDB1B72EBC700B9AA82 /* Images.xcassets in Resources */ = {isa = PBXBuildFile; fileRef = F9FFDEDA1B72EBC700B9AA82 /* Images.xcassets */; };
		F9FFDEDE1B72EBC700B9AA82 /* LaunchScreen.xib in Resources */ = {isa = PBXBuildFile; fileRef = F9FFDEDC1B72EBC700B9AA82 /* LaunchScreen.xib */; };
		F9FFDEEA1B72EBC700B9AA82 /* ArsTests.m in Sources */ = {isa = PBXBuildFile; fileRef = F9FFDEE91B72EBC700B9AA82 /* ArsTests.m */; };
		F9FFDEF61B72EC2700B9AA82 /* NetCall.m in Sources */ = {isa = PBXBuildFile; fileRef = F9FFDEF51B72EC2700B9AA82 /* NetCall.m */; };
		F9FFDEF81B72EDCD00B9AA82 /* CFNetwork.framework in Frameworks */ = {isa = PBXBuildFile; fileRef = F9FFDEF71B72EDCD00B9AA82 /* CFNetwork.framework */; };
		F9FFDF011B72F01E00B9AA82 /* TFHpple.m in Sources */ = {isa = PBXBuildFile; fileRef = F9FFDEFC1B72F01E00B9AA82 /* TFHpple.m */; };
		F9FFDF021B72F01E00B9AA82 /* TFHppleElement.m in Sources */ = {isa = PBXBuildFile; fileRef = F9FFDEFE1B72F01E00B9AA82 /* TFHppleElement.m */; };
		F9FFDF031B72F01E00B9AA82 /* XPathQuery.m in Sources */ = {isa = PBXBuildFile; fileRef = F9FFDF001B72F01E00B9AA82 /* XPathQuery.m */; };
		F9FFDF331B72F1FA00B9AA82 /* QuartzCore.framework in Frameworks */ = {isa = PBXBuildFile; fileRef = F9FFDF321B72F1FA00B9AA82 /* QuartzCore.framework */; };
		F9FFDF371B72F2EA00B9AA82 /* TieBean.m in Sources */ = {isa = PBXBuildFile; fileRef = F9FFDF361B72F2EA00B9AA82 /* TieBean.m */; };
		F9FFDF3B1B72F44100B9AA82 /* libxml2.dylib in Frameworks */ = {isa = PBXBuildFile; fileRef = F9FFDF3A1B72F44100B9AA82 /* libxml2.dylib */; };
		F9FFDF3D1B72F46900B9AA82 /* libsqlite3.dylib in Frameworks */ = {isa = PBXBuildFile; fileRef = F9FFDF3C1B72F46900B9AA82 /* libsqlite3.dylib */; };
/* End PBXBuildFile section */

/* Begin PBXContainerItemProxy section */
		F9FFDEE41B72EBC700B9AA82 /* PBXContainerItemProxy */ = {
			isa = PBXContainerItemProxy;
			containerPortal = F9FFDEC21B72EBC700B9AA82 /* Project object */;
			proxyType = 1;
			remoteGlobalIDString = F9FFDEC91B72EBC700B9AA82;
			remoteInfo = Ars;
		};
/* End PBXContainerItemProxy section */

/* Begin PBXFileReference section */
		92AC7E5A516979365D3C355E /* libPods.a */ = {isa = PBXFileReference; explicitFileType = archive.ar; includeInIndex = 0; path = libPods.a; sourceTree = BUILT_PRODUCTS_DIR; };
		EB15E7BFC943C47A07B6E749 /* Pods.debug.xcconfig */ = {isa = PBXFileReference; includeInIndex = 1; lastKnownFileType = text.xcconfig; name = Pods.debug.xcconfig; path = "Pods/Target Support Files/Pods/Pods.debug.xcconfig"; sourceTree = "<group>"; };
		F763965208308A0E441C317B /* Pods.release.xcconfig */ = {isa = PBXFileReference; includeInIndex = 1; lastKnownFileType = text.xcconfig; name = Pods.release.xcconfig; path = "Pods/Target Support Files/Pods/Pods.release.xcconfig"; sourceTree = "<group>"; };
		F901638E1B744D3100947246 /* SinaNewsController.h */ = {isa = PBXFileReference; fileEncoding = 4; lastKnownFileType = sourcecode.c.h; path = SinaNewsController.h; sourceTree = "<group>"; };
		F901638F1B744D3100947246 /* SinaNewsController.m */ = {isa = PBXFileReference; fileEncoding = 4; lastKnownFileType = sourcecode.c.objc; path = SinaNewsController.m; sourceTree = "<group>"; };
		F90163911B7451CE00947246 /* 163NewsController.h */ = {isa = PBXFileReference; fileEncoding = 4; lastKnownFileType = sourcecode.c.h; path = 163NewsController.h; sourceTree = "<group>"; };
		F90163921B7451CE00947246 /* 163NewsController.m */ = {isa = PBXFileReference; fileEncoding = 4; lastKnownFileType = sourcecode.c.objc; path = 163NewsController.m; sourceTree = "<group>"; };
		F90221311B7833C200746066 /* iconfont_tie@2x.png */ = {isa = PBXFileReference; lastKnownFileType = image.png; path = "iconfont_tie@2x.png"; sourceTree = "<group>"; };
		F90221321B7833C200746066 /* iconfont_sina@2x.png */ = {isa = PBXFileReference; lastKnownFileType = image.png; path = "iconfont_sina@2x.png"; sourceTree = "<group>"; };
		F90221351B783A8B00746066 /* iconfont_163@2x.png */ = {isa = PBXFileReference; lastKnownFileType = image.png; path = "iconfont_163@2x.png"; sourceTree = "<group>"; };
		F90221371B7840A600746066 /* ScoreController.h */ = {isa = PBXFileReference; fileEncoding = 4; lastKnownFileType = sourcecode.c.h; path = ScoreController.h; sourceTree = "<group>"; };
		F90221381B7840A600746066 /* ScoreController.m */ = {isa = PBXFileReference; fileEncoding = 4; lastKnownFileType = sourcecode.c.objc; path = ScoreController.m; sourceTree = "<group>"; };
		F991E31F1B79B49200F787B1 /* iconfont_weibo@2x.png */ = {isa = PBXFileReference; lastKnownFileType = image.png; path = "iconfont_weibo@2x.png"; sourceTree = "<group>"; };
		F991E3211B79B4F600F787B1 /* Common.h */ = {isa = PBXFileReference; fileEncoding = 4; lastKnownFileType = sourcecode.c.h; path = Common.h; sourceTree = "<group>"; };
		F991E3221B79B4F600F787B1 /* Common.m */ = {isa = PBXFileReference; fileEncoding = 4; lastKnownFileType = sourcecode.c.objc; path = Common.m; sourceTree = "<group>"; };
		F9ADE4771B799562006B1E5A /* iconfont_score@2x.png */ = {isa = PBXFileReference; lastKnownFileType = image.png; path = "iconfont_score@2x.png"; sourceTree = "<group>"; };
		F9ADE4791B799805006B1E5A /* WeiboController.h */ = {isa = PBXFileReference; fileEncoding = 4; lastKnownFileType = sourcecode.c.h; path = WeiboController.h; sourceTree = "<group>"; };
		F9ADE47A1B799805006B1E5A /* WeiboController.m */ = {isa = PBXFileReference; fileEncoding = 4; lastKnownFileType = sourcecode.c.objc; path = WeiboController.m; sourceTree = "<group>"; };
		F9F004C71B79C8AC00A24D6C /* iconfont_more@2x.png */ = {isa = PBXFileReference; lastKnownFileType = image.png; path = "iconfont_more@2x.png"; sourceTree = "<group>"; };
		F9F004C91B79C8C100A24D6C /* MoreController.h */ = {isa = PBXFileReference; fileEncoding = 4; lastKnownFileType = sourcecode.c.h; path = MoreController.h; sourceTree = "<group>"; };
		F9F004CA1B79C8C100A24D6C /* MoreController.m */ = {isa = PBXFileReference; fileEncoding = 4; lastKnownFileType = sourcecode.c.objc; path = MoreController.m; sourceTree = "<group>"; };
		F9FFDECA1B72EBC700B9AA82 /* Ars.app */ = {isa = PBXFileReference; explicitFileType = wrapper.application; includeInIndex = 0; path = Ars.app; sourceTree = BUILT_PRODUCTS_DIR; };
		F9FFDECE1B72EBC700B9AA82 /* Info.plist */ = {isa = PBXFileReference; lastKnownFileType = text.plist.xml; path = Info.plist; sourceTree = "<group>"; };
		F9FFDECF1B72EBC700B9AA82 /* main.m */ = {isa = PBXFileReference; lastKnownFileType = sourcecode.c.objc; path = main.m; sourceTree = "<group>"; };
		F9FFDED11B72EBC700B9AA82 /* AppDelegate.h */ = {isa = PBXFileReference; lastKnownFileType = sourcecode.c.h; path = AppDelegate.h; sourceTree = "<group>"; };
		F9FFDED21B72EBC700B9AA82 /* AppDelegate.m */ = {isa = PBXFileReference; lastKnownFileType = sourcecode.c.objc; path = AppDelegate.m; sourceTree = "<group>"; };
		F9FFDED41B72EBC700B9AA82 /* ViewController.h */ = {isa = PBXFileReference; lastKnownFileType = sourcecode.c.h; path = ViewController.h; sourceTree = "<group>"; };
		F9FFDED51B72EBC700B9AA82 /* ViewController.m */ = {isa = PBXFileReference; lastKnownFileType = sourcecode.c.objc; path = ViewController.m; sourceTree = "<group>"; };
		F9FFDED81B72EBC700B9AA82 /* Base */ = {isa = PBXFileReference; lastKnownFileType = file.storyboard; name = Base; path = Base.lproj/Main.storyboard; sourceTree = "<group>"; };
		F9FFDEDA1B72EBC700B9AA82 /* Images.xcassets */ = {isa = PBXFileReference; lastKnownFileType = folder.assetcatalog; path = Images.xcassets; sourceTree = "<group>"; };
		F9FFDEDD1B72EBC700B9AA82 /* Base */ = {isa = PBXFileReference; lastKnownFileType = file.xib; name = Base; path = Base.lproj/LaunchScreen.xib; sourceTree = "<group>"; };
		F9FFDEE31B72EBC700B9AA82 /* ArsTests.xctest */ = {isa = PBXFileReference; explicitFileType = wrapper.cfbundle; includeInIndex = 0; path = ArsTests.xctest; sourceTree = BUILT_PRODUCTS_DIR; };
		F9FFDEE81B72EBC700B9AA82 /* Info.plist */ = {isa = PBXFileReference; lastKnownFileType = text.plist.xml; path = Info.plist; sourceTree = "<group>"; };
		F9FFDEE91B72EBC700B9AA82 /* ArsTests.m */ = {isa = PBXFileReference; lastKnownFileType = sourcecode.c.objc; path = ArsTests.m; sourceTree = "<group>"; };
		F9FFDEF41B72EC2700B9AA82 /* NetCall.h */ = {isa = PBXFileReference; fileEncoding = 4; lastKnownFileType = sourcecode.c.h; path = NetCall.h; sourceTree = "<group>"; };
		F9FFDEF51B72EC2700B9AA82 /* NetCall.m */ = {isa = PBXFileReference; fileEncoding = 4; lastKnownFileType = sourcecode.c.objc; path = NetCall.m; sourceTree = "<group>"; };
		F9FFDEF71B72EDCD00B9AA82 /* CFNetwork.framework */ = {isa = PBXFileReference; lastKnownFileType = wrapper.framework; name = CFNetwork.framework; path = System/Library/Frameworks/CFNetwork.framework; sourceTree = SDKROOT; };
		F9FFDEFB1B72F01E00B9AA82 /* TFHpple.h */ = {isa = PBXFileReference; fileEncoding = 4; lastKnownFileType = sourcecode.c.h; path = TFHpple.h; sourceTree = "<group>"; };
		F9FFDEFC1B72F01E00B9AA82 /* TFHpple.m */ = {isa = PBXFileReference; fileEncoding = 4; lastKnownFileType = sourcecode.c.objc; path = TFHpple.m; sourceTree = "<group>"; };
		F9FFDEFD1B72F01E00B9AA82 /* TFHppleElement.h */ = {isa = PBXFileReference; fileEncoding = 4; lastKnownFileType = sourcecode.c.h; path = TFHppleElement.h; sourceTree = "<group>"; };
		F9FFDEFE1B72F01E00B9AA82 /* TFHppleElement.m */ = {isa = PBXFileReference; fileEncoding = 4; lastKnownFileType = sourcecode.c.objc; path = TFHppleElement.m; sourceTree = "<group>"; };
		F9FFDEFF1B72F01E00B9AA82 /* XPathQuery.h */ = {isa = PBXFileReference; fileEncoding = 4; lastKnownFileType = sourcecode.c.h; path = XPathQuery.h; sourceTree = "<group>"; };
		F9FFDF001B72F01E00B9AA82 /* XPathQuery.m */ = {isa = PBXFileReference; fileEncoding = 4; lastKnownFileType = sourcecode.c.objc; path = XPathQuery.m; sourceTree = "<group>"; };
		F9FFDF321B72F1FA00B9AA82 /* QuartzCore.framework */ = {isa = PBXFileReference; lastKnownFileType = wrapper.framework; name = QuartzCore.framework; path = System/Library/Frameworks/QuartzCore.framework; sourceTree = SDKROOT; };
		F9FFDF351B72F2EA00B9AA82 /* TieBean.h */ = {isa = PBXFileReference; fileEncoding = 4; lastKnownFileType = sourcecode.c.h; path = TieBean.h; sourceTree = "<group>"; };
		F9FFDF361B72F2EA00B9AA82 /* TieBean.m */ = {isa = PBXFileReference; fileEncoding = 4; lastKnownFileType = sourcecode.c.objc; path = TieBean.m; sourceTree = "<group>"; };
		F9FFDF3A1B72F44100B9AA82 /* libxml2.dylib */ = {isa = PBXFileReference; lastKnownFileType = "compiled.mach-o.dylib"; name = libxml2.dylib; path = usr/lib/libxml2.dylib; sourceTree = SDKROOT; };
		F9FFDF3C1B72F46900B9AA82 /* libsqlite3.dylib */ = {isa = PBXFileReference; lastKnownFileType = "compiled.mach-o.dylib"; name = libsqlite3.dylib; path = usr/lib/libsqlite3.dylib; sourceTree = SDKROOT; };
/* End PBXFileReference section */

/* Begin PBXFrameworksBuildPhase section */
		F9FFDEC71B72EBC700B9AA82 /* Frameworks */ = {
			isa = PBXFrameworksBuildPhase;
			buildActionMask = 2147483647;
			files = (
				F9FFDF3D1B72F46900B9AA82 /* libsqlite3.dylib in Frameworks */,
				F9FFDF3B1B72F44100B9AA82 /* libxml2.dylib in Frameworks */,
				F9FFDF331B72F1FA00B9AA82 /* QuartzCore.framework in Frameworks */,
				F9FFDEF81B72EDCD00B9AA82 /* CFNetwork.framework in Frameworks */,
				AF8B0E407B161EC4B33498A2 /* libPods.a in Frameworks */,
			);
			runOnlyForDeploymentPostprocessing = 0;
		};
		F9FFDEE01B72EBC700B9AA82 /* Frameworks */ = {
			isa = PBXFrameworksBuildPhase;
			buildActionMask = 2147483647;
			files = (
			);
			runOnlyForDeploymentPostprocessing = 0;
		};
/* End PBXFrameworksBuildPhase section */

/* Begin PBXGroup section */
		D4208A851DB572C2F88C6AE3 /* Pods */ = {
			isa = PBXGroup;
			children = (
				EB15E7BFC943C47A07B6E749 /* Pods.debug.xcconfig */,
				F763965208308A0E441C317B /* Pods.release.xcconfig */,
			);
			name = Pods;
			sourceTree = "<group>";
		};
		F90221301B78336C00746066 /* images */ = {
			isa = PBXGroup;
			children = (
				F9F004C71B79C8AC00A24D6C /* iconfont_more@2x.png */,
				F991E31F1B79B49200F787B1 /* iconfont_weibo@2x.png */,
				F9ADE4771B799562006B1E5A /* iconfont_score@2x.png */,
				F90221351B783A8B00746066 /* iconfont_163@2x.png */,
				F90221311B7833C200746066 /* iconfont_tie@2x.png */,
				F90221321B7833C200746066 /* iconfont_sina@2x.png */,
			);
			name = images;
			sourceTree = "<group>";
		};
		F9FFDEC11B72EBC700B9AA82 = {
			isa = PBXGroup;
			children = (
				F9FFDECC1B72EBC700B9AA82 /* Ars */,
				F9FFDEE61B72EBC700B9AA82 /* ArsTests */,
				F9FFDECB1B72EBC700B9AA82 /* Products */,
				F9FFDEF91B72EDE800B9AA82 /* Frameworks */,
				D4208A851DB572C2F88C6AE3 /* Pods */,
			);
			sourceTree = "<group>";
		};
		F9FFDECB1B72EBC700B9AA82 /* Products */ = {
			isa = PBXGroup;
			children = (
				F9FFDECA1B72EBC700B9AA82 /* Ars.app */,
				F9FFDEE31B72EBC700B9AA82 /* ArsTests.xctest */,
			);
			name = Products;
			sourceTree = "<group>";
		};
		F9FFDECC1B72EBC700B9AA82 /* Ars */ = {
			isa = PBXGroup;
			children = (
				F90221301B78336C00746066 /* images */,
				F9FFDF341B72F2D100B9AA82 /* model */,
				F9FFDEFA1B72F00D00B9AA82 /* hpple */,
				F9FFDEF31B72EC0900B9AA82 /* service */,
				F9FFDED11B72EBC700B9AA82 /* AppDelegate.h */,
				F9FFDED21B72EBC700B9AA82 /* AppDelegate.m */,
				F9FFDED41B72EBC700B9AA82 /* ViewController.h */,
				F9FFDED51B72EBC700B9AA82 /* ViewController.m */,
				F9FFDED71B72EBC700B9AA82 /* Main.storyboard */,
				F9FFDEDA1B72EBC700B9AA82 /* Images.xcassets */,
				F9FFDEDC1B72EBC700B9AA82 /* LaunchScreen.xib */,
				F9FFDECD1B72EBC700B9AA82 /* Supporting Files */,
				F901638E1B744D3100947246 /* SinaNewsController.h */,
				F901638F1B744D3100947246 /* SinaNewsController.m */,
				F90163911B7451CE00947246 /* 163NewsController.h */,
				F90163921B7451CE00947246 /* 163NewsController.m */,
				F90221371B7840A600746066 /* ScoreController.h */,
				F90221381B7840A600746066 /* ScoreController.m */,
				F9ADE4791B799805006B1E5A /* WeiboController.h */,
				F9ADE47A1B799805006B1E5A /* WeiboController.m */,
				F9F004C91B79C8C100A24D6C /* MoreController.h */,
				F9F004CA1B79C8C100A24D6C /* MoreController.m */,
			);
			path = Ars;
			sourceTree = "<group>";
		};
		F9FFDECD1B72EBC700B9AA82 /* Supporting Files */ = {
			isa = PBXGroup;
			children = (
				F9FFDECE1B72EBC700B9AA82 /* Info.plist */,
				F9FFDECF1B72EBC700B9AA82 /* main.m */,
			);
			name = "Supporting Files";
			sourceTree = "<group>";
		};
		F9FFDEE61B72EBC700B9AA82 /* ArsTests */ = {
			isa = PBXGroup;
			children = (
				F9FFDEE91B72EBC700B9AA82 /* ArsTests.m */,
				F9FFDEE71B72EBC700B9AA82 /* Supporting Files */,
			);
			path = ArsTests;
			sourceTree = "<group>";
		};
		F9FFDEE71B72EBC700B9AA82 /* Supporting Files */ = {
			isa = PBXGroup;
			children = (
				F9FFDEE81B72EBC700B9AA82 /* Info.plist */,
			);
			name = "Supporting Files";
			sourceTree = "<group>";
		};
		F9FFDEF31B72EC0900B9AA82 /* service */ = {
			isa = PBXGroup;
			children = (
				F991E3211B79B4F600F787B1 /* Common.h */,
				F991E3221B79B4F600F787B1 /* Common.m */,
				F9FFDEF41B72EC2700B9AA82 /* NetCall.h */,
				F9FFDEF51B72EC2700B9AA82 /* NetCall.m */,
			);
			name = service;
			sourceTree = "<group>";
		};
		F9FFDEF91B72EDE800B9AA82 /* Frameworks */ = {
			isa = PBXGroup;
			children = (
				F9FFDF3C1B72F46900B9AA82 /* libsqlite3.dylib */,
				F9FFDF3A1B72F44100B9AA82 /* libxml2.dylib */,
				F9FFDF321B72F1FA00B9AA82 /* QuartzCore.framework */,
				F9FFDEF71B72EDCD00B9AA82 /* CFNetwork.framework */,
				92AC7E5A516979365D3C355E /* libPods.a */,
			);
			name = Frameworks;
			sourceTree = "<group>";
		};
		F9FFDEFA1B72F00D00B9AA82 /* hpple */ = {
			isa = PBXGroup;
			children = (
				F9FFDEFB1B72F01E00B9AA82 /* TFHpple.h */,
				F9FFDEFC1B72F01E00B9AA82 /* TFHpple.m */,
				F9FFDEFD1B72F01E00B9AA82 /* TFHppleElement.h */,
				F9FFDEFE1B72F01E00B9AA82 /* TFHppleElement.m */,
				F9FFDEFF1B72F01E00B9AA82 /* XPathQuery.h */,
				F9FFDF001B72F01E00B9AA82 /* XPathQuery.m */,
			);
			name = hpple;
			sourceTree = "<group>";
		};
		F9FFDF341B72F2D100B9AA82 /* model */ = {
			isa = PBXGroup;
			children = (
				F9FFDF351B72F2EA00B9AA82 /* TieBean.h */,
				F9FFDF361B72F2EA00B9AA82 /* TieBean.m */,
			);
			name = model;
			sourceTree = "<group>";
		};
/* End PBXGroup section */

/* Begin PBXNativeTarget section */
		F9FFDEC91B72EBC700B9AA82 /* Ars */ = {
			isa = PBXNativeTarget;
			buildConfigurationList = F9FFDEED1B72EBC700B9AA82 /* Build configuration list for PBXNativeTarget "Ars" */;
			buildPhases = (
				D334DF2E3846AB8999DD7BBA /* Check Pods Manifest.lock */,
				F9FFDEC61B72EBC700B9AA82 /* Sources */,
				F9FFDEC71B72EBC700B9AA82 /* Frameworks */,
				F9FFDEC81B72EBC700B9AA82 /* Resources */,
				1127D76CC4B087E814D44217 /* Copy Pods Resources */,
			);
			buildRules = (
			);
			dependencies = (
			);
			name = Ars;
			productName = Ars;
			productReference = F9FFDECA1B72EBC700B9AA82 /* Ars.app */;
			productType = "com.apple.product-type.application";
		};
		F9FFDEE21B72EBC700B9AA82 /* ArsTests */ = {
			isa = PBXNativeTarget;
			buildConfigurationList = F9FFDEF01B72EBC700B9AA82 /* Build configuration list for PBXNativeTarget "ArsTests" */;
			buildPhases = (
				F9FFDEDF1B72EBC700B9AA82 /* Sources */,
				F9FFDEE01B72EBC700B9AA82 /* Frameworks */,
				F9FFDEE11B72EBC700B9AA82 /* Resources */,
			);
			buildRules = (
			);
			dependencies = (
				F9FFDEE51B72EBC700B9AA82 /* PBXTargetDependency */,
			);
			name = ArsTests;
			productName = ArsTests;
			productReference = F9FFDEE31B72EBC700B9AA82 /* ArsTests.xctest */;
			productType = "com.apple.product-type.bundle.unit-test";
		};
/* End PBXNativeTarget section */

/* Begin PBXProject section */
		F9FFDEC21B72EBC700B9AA82 /* Project object */ = {
			isa = PBXProject;
			attributes = {
				LastUpgradeCheck = 0640;
				ORGANIZATIONNAME = jov;
				TargetAttributes = {
					F9FFDEC91B72EBC700B9AA82 = {
						CreatedOnToolsVersion = 6.4;
					};
					F9FFDEE21B72EBC700B9AA82 = {
						CreatedOnToolsVersion = 6.4;
						TestTargetID = F9FFDEC91B72EBC700B9AA82;
					};
				};
			};
			buildConfigurationList = F9FFDEC51B72EBC700B9AA82 /* Build configuration list for PBXProject "Ars" */;
			compatibilityVersion = "Xcode 3.2";
			developmentRegion = English;
			hasScannedForEncodings = 0;
			knownRegions = (
				en,
				Base,
			);
			mainGroup = F9FFDEC11B72EBC700B9AA82;
			productRefGroup = F9FFDECB1B72EBC700B9AA82 /* Products */;
			projectDirPath = "";
			projectRoot = "";
			targets = (
				F9FFDEC91B72EBC700B9AA82 /* Ars */,
				F9FFDEE21B72EBC700B9AA82 /* ArsTests */,
			);
		};
/* End PBXProject section */

/* Begin PBXResourcesBuildPhase section */
		F9FFDEC81B72EBC700B9AA82 /* Resources */ = {
			isa = PBXResourcesBuildPhase;
			buildActionMask = 2147483647;
			files = (
				F9ADE4781B799562006B1E5A /* iconfont_score@2x.png in Resources */,
				F90221331B7833C200746066 /* iconfont_tie@2x.png in Resources */,
				F90221361B783A8B00746066 /* iconfont_163@2x.png in Resources */,
				F9FFDED91B72EBC700B9AA82 /* Main.storyboard in Resources */,
				F9F004C81B79C8AC00A24D6C /* iconfont_more@2x.png in Resources */,
				F9FFDEDE1B72EBC700B9AA82 /* LaunchScreen.xib in Resources */,
				F90221341B7833C200746066 /* iconfont_sina@2x.png in Resources */,
				F9FFDEDB1B72EBC700B9AA82 /* Images.xcassets in Resources */,
				F991E3201B79B49200F787B1 /* iconfont_weibo@2x.png in Resources */,
			);
			runOnlyForDeploymentPostprocessing = 0;
		};
		F9FFDEE11B72EBC700B9AA82 /* Resources */ = {
			isa = PBXResourcesBuildPhase;
			buildActionMask = 2147483647;
			files = (
			);
			runOnlyForDeploymentPostprocessing = 0;
		};
/* End PBXResourcesBuildPhase section */

/* Begin PBXShellScriptBuildPhase section */
		1127D76CC4B087E814D44217 /* Copy Pods Resources */ = {
			isa = PBXShellScriptBuildPhase;
			buildActionMask = 2147483647;
			files = (
			);
			inputPaths = (
			);
			name = "Copy Pods Resources";
			outputPaths = (
			);
			runOnlyForDeploymentPostprocessing = 0;
			shellPath = /bin/sh;
			shellScript = "\"${SRCROOT}/Pods/Target Support Files/Pods/Pods-resources.sh\"\n";
			showEnvVarsInLog = 0;
		};
		D334DF2E3846AB8999DD7BBA /* Check Pods Manifest.lock */ = {
			isa = PBXShellScriptBuildPhase;
			buildActionMask = 2147483647;
			files = (
			);
			inputPaths = (
			);
			name = "Check Pods Manifest.lock";
			outputPaths = (
			);
			runOnlyForDeploymentPostprocessing = 0;
			shellPath = /bin/sh;
			shellScript = "diff \"${PODS_ROOT}/../Podfile.lock\" \"${PODS_ROOT}/Manifest.lock\" > /dev/null\nif [[ $? != 0 ]] ; then\n    cat << EOM\nerror: The sandbox is not in sync with the Podfile.lock. Run 'pod install' or update your CocoaPods installation.\nEOM\n    exit 1\nfi\n";
			showEnvVarsInLog = 0;
		};
/* End PBXShellScriptBuildPhase section */

/* Begin PBXSourcesBuildPhase section */
		F9FFDEC61B72EBC700B9AA82 /* Sources */ = {
			isa = PBXSourcesBuildPhase;
			buildActionMask = 2147483647;
			files = (
				F9FFDF371B72F2EA00B9AA82 /* TieBean.m in Sources */,
				F9FFDF021B72F01E00B9AA82 /* TFHppleElement.m in Sources */,
				F9ADE47B1B799805006B1E5A /* WeiboController.m in Sources */,
				F9FFDF031B72F01E00B9AA82 /* XPathQuery.m in Sources */,
				F9FFDF011B72F01E00B9AA82 /* TFHpple.m in Sources */,
				F9FFDED61B72EBC700B9AA82 /* ViewController.m in Sources */,
				F9FFDED31B72EBC700B9AA82 /* AppDelegate.m in Sources */,
				F9FFDED01B72EBC700B9AA82 /* main.m in Sources */,
				F9F004CB1B79C8C100A24D6C /* MoreController.m in Sources */,
				F9FFDEF61B72EC2700B9AA82 /* NetCall.m in Sources */,
				F90163901B744D3100947246 /* SinaNewsController.m in Sources */,
				F991E3231B79B4F600F787B1 /* Common.m in Sources */,
				F90163931B7451CE00947246 /* 163NewsController.m in Sources */,
				F90221391B7840A600746066 /* ScoreController.m in Sources */,
			);
			runOnlyForDeploymentPostprocessing = 0;
		};
		F9FFDEDF1B72EBC700B9AA82 /* Sources */ = {
			isa = PBXSourcesBuildPhase;
			buildActionMask = 2147483647;
			files = (
				F9FFDEEA1B72EBC700B9AA82 /* ArsTests.m in Sources */,
			);
			runOnlyForDeploymentPostprocessing = 0;
		};
/* End PBXSourcesBuildPhase section */

/* Begin PBXTargetDependency section */
		F9FFDEE51B72EBC700B9AA82 /* PBXTargetDependency */ = {
			isa = PBXTargetDependency;
			target = F9FFDEC91B72EBC700B9AA82 /* Ars */;
			targetProxy = F9FFDEE41B72EBC700B9AA82 /* PBXContainerItemProxy */;
		};
/* End PBXTargetDependency section */

/* Begin PBXVariantGroup section */
		F9FFDED71B72EBC700B9AA82 /* Main.storyboard */ = {
			isa = PBXVariantGroup;
			children = (
				F9FFDED81B72EBC700B9AA82 /* Base */,
			);
			name = Main.storyboard;
			sourceTree = "<group>";
		};
		F9FFDEDC1B72EBC700B9AA82 /* LaunchScreen.xib */ = {
			isa = PBXVariantGroup;
			children = (
				F9FFDEDD1B72EBC700B9AA82 /* Base */,
			);
			name = LaunchScreen.xib;
			sourceTree = "<group>";
		};
/* End PBXVariantGroup section */

/* Begin XCBuildConfiguration section */
		F9FFDEEB1B72EBC700B9AA82 /* Debug */ = {
			isa = XCBuildConfiguration;
			buildSettings = {
				ALWAYS_SEARCH_USER_PATHS = NO;
				CLANG_CXX_LANGUAGE_STANDARD = "gnu++0x";
				CLANG_CXX_LIBRARY = "libc++";
				CLANG_ENABLE_MODULES = YES;
				CLANG_ENABLE_OBJC_ARC = YES;
				CLANG_WARN_BOOL_CONVERSION = YES;
				CLANG_WARN_CONSTANT_CONVERSION = YES;
				CLANG_WARN_DIRECT_OBJC_ISA_USAGE = YES_ERROR;
				CLANG_WARN_EMPTY_BODY = YES;
				CLANG_WARN_ENUM_CONVERSION = YES;
				CLANG_WARN_INT_CONVERSION = YES;
				CLANG_WARN_OBJC_ROOT_CLASS = YES_ERROR;
				CLANG_WARN_UNREACHABLE_CODE = YES;
				CLANG_WARN__DUPLICATE_METHOD_MATCH = YES;
				"CODE_SIGN_IDENTITY[sdk=iphoneos*]" = "iPhone Developer";
				COPY_PHASE_STRIP = NO;
				DEBUG_INFORMATION_FORMAT = "dwarf-with-dsym";
				ENABLE_STRICT_OBJC_MSGSEND = YES;
				GCC_C_LANGUAGE_STANDARD = gnu99;
				GCC_DYNAMIC_NO_PIC = NO;
				GCC_NO_COMMON_BLOCKS = YES;
				GCC_OPTIMIZATION_LEVEL = 0;
				GCC_PREPROCESSOR_DEFINITIONS = (
					"DEBUG=1",
					"$(inherited)",
				);
				GCC_SYMBOLS_PRIVATE_EXTERN = NO;
				GCC_WARN_64_TO_32_BIT_CONVERSION = YES;
				GCC_WARN_ABOUT_RETURN_TYPE = YES_ERROR;
				GCC_WARN_UNDECLARED_SELECTOR = YES;
				GCC_WARN_UNINITIALIZED_AUTOS = YES_AGGRESSIVE;
				GCC_WARN_UNUSED_FUNCTION = YES;
				GCC_WARN_UNUSED_VARIABLE = YES;
				IPHONEOS_DEPLOYMENT_TARGET = 8.4;
				MTL_ENABLE_DEBUG_INFO = YES;
				ONLY_ACTIVE_ARCH = YES;
				SDKROOT = iphoneos;
			};
			name = Debug;
		};
		F9FFDEEC1B72EBC700B9AA82 /* Release */ = {
			isa = XCBuildConfiguration;
			buildSettings = {
				ALWAYS_SEARCH_USER_PATHS = NO;
				CLANG_CXX_LANGUAGE_STANDARD = "gnu++0x";
				CLANG_CXX_LIBRARY = "libc++";
				CLANG_ENABLE_MODULES = YES;
				CLANG_ENABLE_OBJC_ARC = YES;
				CLANG_WARN_BOOL_CONVERSION = YES;
				CLANG_WARN_CONSTANT_CONVERSION = YES;
				CLANG_WARN_DIRECT_OBJC_ISA_USAGE = YES_ERROR;
				CLANG_WARN_EMPTY_BODY = YES;
				CLANG_WARN_ENUM_CONVERSION = YES;
				CLANG_WARN_INT_CONVERSION = YES;
				CLANG_WARN_OBJC_ROOT_CLASS = YES_ERROR;
				CLANG_WARN_UNREACHABLE_CODE = YES;
				CLANG_WARN__DUPLICATE_METHOD_MATCH = YES;
				"CODE_SIGN_IDENTITY[sdk=iphoneos*]" = "iPhone Developer";
				COPY_PHASE_STRIP = NO;
				DEBUG_INFORMATION_FORMAT = "dwarf-with-dsym";
				ENABLE_NS_ASSERTIONS = NO;
				ENABLE_STRICT_OBJC_MSGSEND = YES;
				GCC_C_LANGUAGE_STANDARD = gnu99;
				GCC_NO_COMMON_BLOCKS = YES;
				GCC_WARN_64_TO_32_BIT_CONVERSION = YES;
				GCC_WARN_ABOUT_RETURN_TYPE = YES_ERROR;
				GCC_WARN_UNDECLARED_SELECTOR = YES;
				GCC_WARN_UNINITIALIZED_AUTOS = YES_AGGRESSIVE;
				GCC_WARN_UNUSED_FUNCTION = YES;
				GCC_WARN_UNUSED_VARIABLE = YES;
				IPHONEOS_DEPLOYMENT_TARGET = 8.4;
				MTL_ENABLE_DEBUG_INFO = NO;
				SDKROOT = iphoneos;
				VALIDATE_PRODUCT = YES;
			};
			name = Release;
		};
		F9FFDEEE1B72EBC700B9AA82 /* Debug */ = {
			isa = XCBuildConfiguration;
			baseConfigurationReference = EB15E7BFC943C47A07B6E749 /* Pods.debug.xcconfig */;
			buildSettings = {
				ASSETCATALOG_COMPILER_APPICON_NAME = AppIcon;
				HEADER_SEARCH_PATHS = (
					"$(inherited)",
					/Applications/Xcode.app/Contents/Developer/Toolchains/XcodeDefault.xctoolchain/usr/include,
					"${SDKROOT}/usr/include/libxml2/**",
				);
				INFOPLIST_FILE = Ars/Info.plist;
				IPHONEOS_DEPLOYMENT_TARGET = 7.0;
				LD_RUNPATH_SEARCH_PATHS = "$(inherited) @executable_path/Frameworks";
				PRODUCT_NAME = "$(TARGET_NAME)";
			};
			name = Debug;
		};
		F9FFDEEF1B72EBC700B9AA82 /* Release */ = {
			isa = XCBuildConfiguration;
			baseConfigurationReference = F763965208308A0E441C317B /* Pods.release.xcconfig */;
			buildSettings = {
				ASSETCATALOG_COMPILER_APPICON_NAME = AppIcon;
				HEADER_SEARCH_PATHS = (
					"$(inherited)",
					/Applications/Xcode.app/Contents/Developer/Toolchains/XcodeDefault.xctoolchain/usr/include,
					"${SDKROOT}/usr/include/libxml2/**",
				);
				INFOPLIST_FILE = Ars/Info.plist;
				IPHONEOS_DEPLOYMENT_TARGET = 7.0;
				LD_RUNPATH_SEARCH_PATHS = "$(inherited) @executable_path/Frameworks";
				PRODUCT_NAME = "$(TARGET_NAME)";
			};
			name = Release;
		};
		F9FFDEF11B72EBC700B9AA82 /* Debug */ = {
			isa = XCBuildConfiguration;
			buildSettings = {
				BUNDLE_LOADER = "$(TEST_HOST)";
				FRAMEWORK_SEARCH_PATHS = (
					"$(SDKROOT)/Developer/Library/Frameworks",
					"$(inherited)",
				);
				GCC_PREPROCESSOR_DEFINITIONS = (
					"DEBUG=1",
					"$(inherited)",
				);
				INFOPLIST_FILE = ArsTests/Info.plist;
				LD_RUNPATH_SEARCH_PATHS = "$(inherited) @executable_path/Frameworks @loader_path/Frameworks";
				PRODUCT_NAME = "$(TARGET_NAME)";
				TEST_HOST = "$(BUILT_PRODUCTS_DIR)/Ars.app/Ars";
			};
			name = Debug;
		};
		F9FFDEF21B72EBC700B9AA82 /* Release */ = {
			isa = XCBuildConfiguration;
			buildSettings = {
				BUNDLE_LOADER = "$(TEST_HOST)";
				FRAMEWORK_SEARCH_PATHS = (
					"$(SDKROOT)/Developer/Library/Frameworks",
					"$(inherited)",
				);
				INFOPLIST_FILE = ArsTests/Info.plist;
				LD_RUNPATH_SEARCH_PATHS = "$(inherited) @executable_path/Frameworks @loader_path/Frameworks";
				PRODUCT_NAME = "$(TARGET_NAME)";
				TEST_HOST = "$(BUILT_PRODUCTS_DIR)/Ars.app/Ars";
			};
			name = Release;
		};
/* End XCBuildConfiguration section */

/* Begin XCConfigurationList section */
		F9FFDEC51B72EBC700B9AA82 /* Build configuration list for PBXProject "Ars" */ = {
			isa = XCConfigurationList;
			buildConfigurations = (
				F9FFDEEB1B72EBC700B9AA82 /* Debug */,
				F9FFDEEC1B72EBC700B9AA82 /* Release */,
			);
			defaultConfigurationIsVisible = 0;
			defaultConfigurationName = Release;
		};
		F9FFDEED1B72EBC700B9AA82 /* Build configuration list for PBXNativeTarget "Ars" */ = {
			isa = XCConfigurationList;
			buildConfigurations = (
				F9FFDEEE1B72EBC700B9AA82 /* Debug */,
				F9FFDEEF1B72EBC700B9AA82 /* Release */,
			);
			defaultConfigurationIsVisible = 0;
			defaultConfigurationName = Release;
		};
		F9FFDEF01B72EBC700B9AA82 /* Build configuration list for PBXNativeTarget "ArsTests" */ = {
			isa = XCConfigurationList;
			buildConfigurations = (
				F9FFDEF11B72EBC700B9AA82 /* Debug */,
				F9FFDEF21B72EBC700B9AA82 /* Release */,
			);
			defaultConfigurationIsVisible = 0;
			defaultConfigurationName = Release;
		};
/* End XCConfigurationList section */
	};
	rootObject = F9FFDEC21B72EBC700B9AA82 /* Project object */;
}
