// !$*UTF8*$!
{
	archiveVersion = 1;
	classes = {
	};
	objectVersion = 46;
	objects = {

/* Begin PBXBuildFile section */
		AF8B0E407B161EC4B33498A2 /* libPods.a in Frameworks */ = {isa = PBXBuildFile; fileRef = 92AC7E5A516979365D3C355E /* libPods.a */; };
		F90221331B7833C200746066 /* iconfont_tie@2x.png in Resources */ = {isa = PBXBuildFile; fileRef = F90221311B7833C200746066 /* iconfont_tie@2x.png */; };
		F90221341B7833C200746066 /* iconfont_sina@2x.png in Resources */ = {isa = PBXBuildFile; fileRef = F90221321B7833C200746066 /* iconfont_sina@2x.png */; };
		F90221361B783A8B00746066 /* iconfont_163@2x.png in Resources */ = {isa = PBXBuildFile; fileRef = F90221351B783A8B00746066 /* iconfont_163@2x.png */; };
		F90241A31BBA1BCF004FD2D4 /* orzil_114@2x.png in Resources */ = {isa = PBXBuildFile; fileRef = F90241A21BBA1BCF004FD2D4 /* orzil_114@2x.png */; settings = {ASSET_TAGS = (); }; };
		F902B41D1BB3806B00F2DF94 /* MainService.m in Sources */ = {isa = PBXBuildFile; fileRef = F902B41C1BB3806B00F2DF94 /* MainService.m */; settings = {ASSET_TAGS = (); }; };
		F902B4201BB3906B00F2DF94 /* CartoonViewController.m in Sources */ = {isa = PBXBuildFile; fileRef = F902B41F1BB3906B00F2DF94 /* CartoonViewController.m */; settings = {ASSET_TAGS = (); }; };
		F902B4231BB3931000F2DF94 /* bootstrap.min.css in Resources */ = {isa = PBXBuildFile; fileRef = F902B4221BB3931000F2DF94 /* bootstrap.min.css */; settings = {ASSET_TAGS = (); }; };
		F902B4251BB398B800F2DF94 /* 272.html in Resources */ = {isa = PBXBuildFile; fileRef = F902B4241BB398B800F2DF94 /* 272.html */; settings = {ASSET_TAGS = (); }; };
		F902B4281BB398CF00F2DF94 /* WebViewController.m in Sources */ = {isa = PBXBuildFile; fileRef = F902B4271BB398CF00F2DF94 /* WebViewController.m */; settings = {ASSET_TAGS = (); }; };
		F902B42B1BB3A6E200F2DF94 /* TwitterViewController.m in Sources */ = {isa = PBXBuildFile; fileRef = F902B42A1BB3A6E200F2DF94 /* TwitterViewController.m */; settings = {ASSET_TAGS = (); }; };
		F902B42E1BB3E20300F2DF94 /* TwitterBean.m in Sources */ = {isa = PBXBuildFile; fileRef = F902B42D1BB3E20300F2DF94 /* TwitterBean.m */; settings = {ASSET_TAGS = (); }; };
		F902B4311BB3F27400F2DF94 /* FacebookViewController.m in Sources */ = {isa = PBXBuildFile; fileRef = F902B4301BB3F27400F2DF94 /* FacebookViewController.m */; settings = {ASSET_TAGS = (); }; };
		F902B4341BB3FD2C00F2DF94 /* MessageViewController.m in Sources */ = {isa = PBXBuildFile; fileRef = F902B4331BB3FD2C00F2DF94 /* MessageViewController.m */; settings = {ASSET_TAGS = (); }; };
		F92355021B7A05AC0099DBDE /* close@2x.png in Resources */ = {isa = PBXBuildFile; fileRef = F92355011B7A05AC0099DBDE /* close@2x.png */; };
		F957D6F71BB12BB7009AA5D3 /* HomeViewController.m in Sources */ = {isa = PBXBuildFile; fileRef = F957D6F61BB12BB7009AA5D3 /* HomeViewController.m */; settings = {ASSET_TAGS = (); }; };
		F957D6FA1BB131F5009AA5D3 /* orzil.png in Resources */ = {isa = PBXBuildFile; fileRef = F957D6F91BB131F5009AA5D3 /* orzil.png */; settings = {ASSET_TAGS = (); }; };
		F957D6FC1BB13708009AA5D3 /* so.png in Resources */ = {isa = PBXBuildFile; fileRef = F957D6FB1BB13708009AA5D3 /* so.png */; settings = {ASSET_TAGS = (); }; };
		F957D7071BB14AEA009AA5D3 /* o9.jpg in Resources */ = {isa = PBXBuildFile; fileRef = F957D6FD1BB14AEA009AA5D3 /* o9.jpg */; settings = {ASSET_TAGS = (); }; };
		F957D7081BB14AEA009AA5D3 /* o8.jpg in Resources */ = {isa = PBXBuildFile; fileRef = F957D6FE1BB14AEA009AA5D3 /* o8.jpg */; settings = {ASSET_TAGS = (); }; };
		F957D7091BB14AEA009AA5D3 /* o7.jpg in Resources */ = {isa = PBXBuildFile; fileRef = F957D6FF1BB14AEA009AA5D3 /* o7.jpg */; settings = {ASSET_TAGS = (); }; };
		F957D70A1BB14AEA009AA5D3 /* o6.jpg in Resources */ = {isa = PBXBuildFile; fileRef = F957D7001BB14AEA009AA5D3 /* o6.jpg */; settings = {ASSET_TAGS = (); }; };
		F957D70B1BB14AEA009AA5D3 /* o5.jpg in Resources */ = {isa = PBXBuildFile; fileRef = F957D7011BB14AEA009AA5D3 /* o5.jpg */; settings = {ASSET_TAGS = (); }; };
		F957D70C1BB14AEA009AA5D3 /* o4.jpg in Resources */ = {isa = PBXBuildFile; fileRef = F957D7021BB14AEA009AA5D3 /* o4.jpg */; settings = {ASSET_TAGS = (); }; };
		F957D70D1BB14AEA009AA5D3 /* o3.jpg in Resources */ = {isa = PBXBuildFile; fileRef = F957D7031BB14AEA009AA5D3 /* o3.jpg */; settings = {ASSET_TAGS = (); }; };
		F957D70E1BB14AEA009AA5D3 /* o2.jpg in Resources */ = {isa = PBXBuildFile; fileRef = F957D7041BB14AEA009AA5D3 /* o2.jpg */; settings = {ASSET_TAGS = (); }; };
		F957D70F1BB14AEA009AA5D3 /* o1.jpg in Resources */ = {isa = PBXBuildFile; fileRef = F957D7051BB14AEA009AA5D3 /* o1.jpg */; settings = {ASSET_TAGS = (); }; };
		F957D7101BB14AEA009AA5D3 /* o0.jpg in Resources */ = {isa = PBXBuildFile; fileRef = F957D7061BB14AEA009AA5D3 /* o0.jpg */; settings = {ASSET_TAGS = (); }; };
		F957D7131BB15618009AA5D3 /* b1@2x.png in Resources */ = {isa = PBXBuildFile; fileRef = F957D7111BB15618009AA5D3 /* b1@2x.png */; settings = {ASSET_TAGS = (); }; };
		F957D7141BB15618009AA5D3 /* b0@2x.png in Resources */ = {isa = PBXBuildFile; fileRef = F957D7121BB15618009AA5D3 /* b0@2x.png */; settings = {ASSET_TAGS = (); }; };
		F991E3201B79B49200F787B1 /* iconfont_weibo@2x.png in Resources */ = {isa = PBXBuildFile; fileRef = F991E31F1B79B49200F787B1 /* iconfont_weibo@2x.png */; };
		F991E3231B79B4F600F787B1 /* Common.m in Sources */ = {isa = PBXBuildFile; fileRef = F991E3221B79B4F600F787B1 /* Common.m */; };
		F9ADE4781B799562006B1E5A /* iconfont_score@2x.png in Resources */ = {isa = PBXBuildFile; fileRef = F9ADE4771B799562006B1E5A /* iconfont_score@2x.png */; };
		F9CF638B1B7C447600170CFE /* MoreDetailController.m in Sources */ = {isa = PBXBuildFile; fileRef = F9CF638A1B7C447600170CFE /* MoreDetailController.m */; };
		F9CF638E1B7C451A00170CFE /* ShareData.m in Sources */ = {isa = PBXBuildFile; fileRef = F9CF638D1B7C451A00170CFE /* ShareData.m */; };
		F9D6BE4E1B7C8DC800411C9C /* UserController.m in Sources */ = {isa = PBXBuildFile; fileRef = F9D6BE4D1B7C8DC800411C9C /* UserController.m */; };
		F9F004C81B79C8AC00A24D6C /* iconfont_more@2x.png in Resources */ = {isa = PBXBuildFile; fileRef = F9F004C71B79C8AC00A24D6C /* iconfont_more@2x.png */; };
		F9F004CB1B79C8C100A24D6C /* MoreController.m in Sources */ = {isa = PBXBuildFile; fileRef = F9F004CA1B79C8C100A24D6C /* MoreController.m */; };
		F9F692571B82D78000B839B8 /* back@2x.png in Resources */ = {isa = PBXBuildFile; fileRef = F9F692561B82D78000B839B8 /* back@2x.png */; };
		F9F9DF7C1BB4DB0900439DB7 /* BlogViewController.m in Sources */ = {isa = PBXBuildFile; fileRef = F9F9DF7B1BB4DB0900439DB7 /* BlogViewController.m */; settings = {ASSET_TAGS = (); }; };
		F9F9DF7F1BB4DB7F00439DB7 /* BlogBean.m in Sources */ = {isa = PBXBuildFile; fileRef = F9F9DF7E1BB4DB7F00439DB7 /* BlogBean.m */; settings = {ASSET_TAGS = (); }; };
		F9F9DF821BB4DBF500439DB7 /* article2.html in Resources */ = {isa = PBXBuildFile; fileRef = F9F9DF801BB4DBF500439DB7 /* article2.html */; settings = {ASSET_TAGS = (); }; };
		F9F9DF831BB4DBF500439DB7 /* article1.html in Resources */ = {isa = PBXBuildFile; fileRef = F9F9DF811BB4DBF500439DB7 /* article1.html */; settings = {ASSET_TAGS = (); }; };
		F9F9DF851BB4DEA100439DB7 /* article3.html in Resources */ = {isa = PBXBuildFile; fileRef = F9F9DF841BB4DEA100439DB7 /* article3.html */; settings = {ASSET_TAGS = (); }; };
		F9F9DF871BB4DFCD00439DB7 /* article4.html in Resources */ = {isa = PBXBuildFile; fileRef = F9F9DF861BB4DFCD00439DB7 /* article4.html */; settings = {ASSET_TAGS = (); }; };
		F9F9DF8A1BB4E31D00439DB7 /* orzil_1024.png in Resources */ = {isa = PBXBuildFile; fileRef = F9F9DF881BB4E31D00439DB7 /* orzil_1024.png */; settings = {ASSET_TAGS = (); }; };
		F9F9DF8B1BB4E31D00439DB7 /* orzil_120.png in Resources */ = {isa = PBXBuildFile; fileRef = F9F9DF891BB4E31D00439DB7 /* orzil_120.png */; settings = {ASSET_TAGS = (); }; };
		F9FBED901B7D8B5300D9AB18 /* Default-568h@2x.png in Resources */ = {isa = PBXBuildFile; fileRef = F9FBED8E1B7D8B5300D9AB18 /* Default-568h@2x.png */; };
		F9FBED911B7D8B5300D9AB18 /* Default@2x.png in Resources */ = {isa = PBXBuildFile; fileRef = F9FBED8F1B7D8B5300D9AB18 /* Default@2x.png */; };
		F9FCC17B1BB251CC00B7F449 /* b5@2x.png in Resources */ = {isa = PBXBuildFile; fileRef = F9FCC1771BB251CC00B7F449 /* b5@2x.png */; settings = {ASSET_TAGS = (); }; };
		F9FCC17C1BB251CC00B7F449 /* b2@2x.png in Resources */ = {isa = PBXBuildFile; fileRef = F9FCC1781BB251CC00B7F449 /* b2@2x.png */; settings = {ASSET_TAGS = (); }; };
		F9FCC17D1BB251CC00B7F449 /* facebook@2x.png in Resources */ = {isa = PBXBuildFile; fileRef = F9FCC1791BB251CC00B7F449 /* facebook@2x.png */; settings = {ASSET_TAGS = (); }; };
		F9FCC17E1BB251CC00B7F449 /* twitter@2x.png in Resources */ = {isa = PBXBuildFile; fileRef = F9FCC17A1BB251CC00B7F449 /* twitter@2x.png */; settings = {ASSET_TAGS = (); }; };
		F9FCC1821BB2559700B7F449 /* message@2x.png in Resources */ = {isa = PBXBuildFile; fileRef = F9FCC17F1BB2559700B7F449 /* message@2x.png */; settings = {ASSET_TAGS = (); }; };
		F9FCC1831BB2559700B7F449 /* about@2x.png in Resources */ = {isa = PBXBuildFile; fileRef = F9FCC1801BB2559700B7F449 /* about@2x.png */; settings = {ASSET_TAGS = (); }; };
		F9FCC1841BB2559700B7F449 /* auth@2x.png in Resources */ = {isa = PBXBuildFile; fileRef = F9FCC1811BB2559700B7F449 /* auth@2x.png */; settings = {ASSET_TAGS = (); }; };
		F9FCC1881BB2807600B7F449 /* ImageViewController.m in Sources */ = {isa = PBXBuildFile; fileRef = F9FCC1871BB2807600B7F449 /* ImageViewController.m */; settings = {ASSET_TAGS = (); }; };
		F9FCC1981BB2A90900B7F449 /* FileUtil.m in Sources */ = {isa = PBXBuildFile; fileRef = F9FCC18B1BB2A90900B7F449 /* FileUtil.m */; settings = {COMPILER_FLAGS = "-fno-objc-arc"; }; };
		F9FCC1991BB2A90900B7F449 /* ImageCacher.m in Sources */ = {isa = PBXBuildFile; fileRef = F9FCC18D1BB2A90900B7F449 /* ImageCacher.m */; settings = {COMPILER_FLAGS = "-fno-objc-arc"; }; };
		F9FCC19A1BB2A90900B7F449 /* ImageLoader.m in Sources */ = {isa = PBXBuildFile; fileRef = F9FCC18F1BB2A90900B7F449 /* ImageLoader.m */; settings = {COMPILER_FLAGS = "-fno-objc-arc"; }; };
		F9FCC19B1BB2A90900B7F449 /* MyScrollView.m in Sources */ = {isa = PBXBuildFile; fileRef = F9FCC1911BB2A90900B7F449 /* MyScrollView.m */; settings = {COMPILER_FLAGS = "-fno-objc-arc"; }; };
		F9FCC19C1BB2A90900B7F449 /* MyToast.m in Sources */ = {isa = PBXBuildFile; fileRef = F9FCC1931BB2A90900B7F449 /* MyToast.m */; settings = {COMPILER_FLAGS = "-fno-objc-arc"; }; };
		F9FCC19D1BB2A90900B7F449 /* MyUtil.m in Sources */ = {isa = PBXBuildFile; fileRef = F9FCC1951BB2A90900B7F449 /* MyUtil.m */; settings = {COMPILER_FLAGS = "-fno-objc-arc"; }; };
		F9FCC19E1BB2A90900B7F449 /* PhotoViewController.m in Sources */ = {isa = PBXBuildFile; fileRef = F9FCC1971BB2A90900B7F449 /* PhotoViewController.m */; settings = {COMPILER_FLAGS = "-fno-objc-arc"; }; };
		F9FFDED01B72EBC700B9AA82 /* main.m in Sources */ = {isa = PBXBuildFile; fileRef = F9FFDECF1B72EBC700B9AA82 /* main.m */; };
		F9FFDED31B72EBC700B9AA82 /* AppDelegate.m in Sources */ = {isa = PBXBuildFile; fileRef = F9FFDED21B72EBC700B9AA82 /* AppDelegate.m */; };
		F9FFDED91B72EBC700B9AA82 /* Main.storyboard in Resources */ = {isa = PBXBuildFile; fileRef = F9FFDED71B72EBC700B9AA82 /* Main.storyboard */; };
		F9FFDEDB1B72EBC700B9AA82 /* Images.xcassets in Resources */ = {isa = PBXBuildFile; fileRef = F9FFDEDA1B72EBC700B9AA82 /* Images.xcassets */; };
		F9FFDEDE1B72EBC700B9AA82 /* LaunchScreen.xib in Resources */ = {isa = PBXBuildFile; fileRef = F9FFDEDC1B72EBC700B9AA82 /* LaunchScreen.xib */; };
		F9FFDEEA1B72EBC700B9AA82 /* ArsTests.m in Sources */ = {isa = PBXBuildFile; fileRef = F9FFDEE91B72EBC700B9AA82 /* ArsTests.m */; };
		F9FFDEF61B72EC2700B9AA82 /* NetCall.m in Sources */ = {isa = PBXBuildFile; fileRef = F9FFDEF51B72EC2700B9AA82 /* NetCall.m */; };
		F9FFDEF81B72EDCD00B9AA82 /* CFNetwork.framework in Frameworks */ = {isa = PBXBuildFile; fileRef = F9FFDEF71B72EDCD00B9AA82 /* CFNetwork.framework */; };
		F9FFDF011B72F01E00B9AA82 /* TFHpple.m in Sources */ = {isa = PBXBuildFile; fileRef = F9FFDEFC1B72F01E00B9AA82 /* TFHpple.m */; };
		F9FFDF021B72F01E00B9AA82 /* TFHppleElement.m in Sources */ = {isa = PBXBuildFile; fileRef = F9FFDEFE1B72F01E00B9AA82 /* TFHppleElement.m */; };
		F9FFDF031B72F01E00B9AA82 /* XPathQuery.m in Sources */ = {isa = PBXBuildFile; fileRef = F9FFDF001B72F01E00B9AA82 /* XPathQuery.m */; };
		F9FFDF331B72F1FA00B9AA82 /* QuartzCore.framework in Frameworks */ = {isa = PBXBuildFile; fileRef = F9FFDF321B72F1FA00B9AA82 /* QuartzCore.framework */; };
		F9FFDF371B72F2EA00B9AA82 /* TieBean.m in Sources */ = {isa = PBXBuildFile; fileRef = F9FFDF361B72F2EA00B9AA82 /* TieBean.m */; };
		F9FFDF3B1B72F44100B9AA82 /* libxml2.dylib in Frameworks */ = {isa = PBXBuildFile; fileRef = F9FFDF3A1B72F44100B9AA82 /* libxml2.dylib */; };
		F9FFDF3D1B72F46900B9AA82 /* libsqlite3.dylib in Frameworks */ = {isa = PBXBuildFile; fileRef = F9FFDF3C1B72F46900B9AA82 /* libsqlite3.dylib */; };
/* End PBXBuildFile section */

/* Begin PBXContainerItemProxy section */
		F9FFDEE41B72EBC700B9AA82 /* PBXContainerItemProxy */ = {
			isa = PBXContainerItemProxy;
			containerPortal = F9FFDEC21B72EBC700B9AA82 /* Project object */;
			proxyType = 1;
			remoteGlobalIDString = F9FFDEC91B72EBC700B9AA82;
			remoteInfo = Ars;
		};
/* End PBXContainerItemProxy section */

/* Begin PBXFileReference section */
		92AC7E5A516979365D3C355E /* libPods.a */ = {isa = PBXFileReference; explicitFileType = archive.ar; includeInIndex = 0; path = libPods.a; sourceTree = BUILT_PRODUCTS_DIR; };
		EB15E7BFC943C47A07B6E749 /* Pods.debug.xcconfig */ = {isa = PBXFileReference; includeInIndex = 1; lastKnownFileType = text.xcconfig; name = Pods.debug.xcconfig; path = "Pods/Target Support Files/Pods/Pods.debug.xcconfig"; sourceTree = "<group>"; };
		F763965208308A0E441C317B /* Pods.release.xcconfig */ = {isa = PBXFileReference; includeInIndex = 1; lastKnownFileType = text.xcconfig; name = Pods.release.xcconfig; path = "Pods/Target Support Files/Pods/Pods.release.xcconfig"; sourceTree = "<group>"; };
		F90221311B7833C200746066 /* iconfont_tie@2x.png */ = {isa = PBXFileReference; lastKnownFileType = image.png; path = "iconfont_tie@2x.png"; sourceTree = "<group>"; };
		F90221321B7833C200746066 /* iconfont_sina@2x.png */ = {isa = PBXFileReference; lastKnownFileType = image.png; path = "iconfont_sina@2x.png"; sourceTree = "<group>"; };
		F90221351B783A8B00746066 /* iconfont_163@2x.png */ = {isa = PBXFileReference; lastKnownFileType = image.png; path = "iconfont_163@2x.png"; sourceTree = "<group>"; };
		F90241A21BBA1BCF004FD2D4 /* orzil_114@2x.png */ = {isa = PBXFileReference; lastKnownFileType = image.png; path = "orzil_114@2x.png"; sourceTree = "<group>"; };
		F902B41B1BB3806B00F2DF94 /* MainService.h */ = {isa = PBXFileReference; fileEncoding = 4; lastKnownFileType = sourcecode.c.h; path = MainService.h; sourceTree = "<group>"; };
		F902B41C1BB3806B00F2DF94 /* MainService.m */ = {isa = PBXFileReference; fileEncoding = 4; lastKnownFileType = sourcecode.c.objc; path = MainService.m; sourceTree = "<group>"; };
		F902B41E1BB3906B00F2DF94 /* CartoonViewController.h */ = {isa = PBXFileReference; fileEncoding = 4; lastKnownFileType = sourcecode.c.h; path = CartoonViewController.h; sourceTree = "<group>"; };
		F902B41F1BB3906B00F2DF94 /* CartoonViewController.m */ = {isa = PBXFileReference; fileEncoding = 4; lastKnownFileType = sourcecode.c.objc; path = CartoonViewController.m; sourceTree = "<group>"; };
		F902B4221BB3931000F2DF94 /* bootstrap.min.css */ = {isa = PBXFileReference; fileEncoding = 4; lastKnownFileType = text.css; path = bootstrap.min.css; sourceTree = "<group>"; };
		F902B4241BB398B800F2DF94 /* 272.html */ = {isa = PBXFileReference; fileEncoding = 4; lastKnownFileType = text.html; path = 272.html; sourceTree = "<group>"; };
		F902B4261BB398CF00F2DF94 /* WebViewController.h */ = {isa = PBXFileReference; fileEncoding = 4; lastKnownFileType = sourcecode.c.h; path = WebViewController.h; sourceTree = "<group>"; };
		F902B4271BB398CF00F2DF94 /* WebViewController.m */ = {isa = PBXFileReference; fileEncoding = 4; lastKnownFileType = sourcecode.c.objc; path = WebViewController.m; sourceTree = "<group>"; };
		F902B4291BB3A6E200F2DF94 /* TwitterViewController.h */ = {isa = PBXFileReference; fileEncoding = 4; lastKnownFileType = sourcecode.c.h; path = TwitterViewController.h; sourceTree = "<group>"; };
		F902B42A1BB3A6E200F2DF94 /* TwitterViewController.m */ = {isa = PBXFileReference; fileEncoding = 4; lastKnownFileType = sourcecode.c.objc; path = TwitterViewController.m; sourceTree = "<group>"; };
		F902B42C1BB3E20300F2DF94 /* TwitterBean.h */ = {isa = PBXFileReference; fileEncoding = 4; lastKnownFileType = sourcecode.c.h; path = TwitterBean.h; sourceTree = "<group>"; };
		F902B42D1BB3E20300F2DF94 /* TwitterBean.m */ = {isa = PBXFileReference; fileEncoding = 4; lastKnownFileType = sourcecode.c.objc; path = TwitterBean.m; sourceTree = "<group>"; };
		F902B42F1BB3F27400F2DF94 /* FacebookViewController.h */ = {isa = PBXFileReference; fileEncoding = 4; lastKnownFileType = sourcecode.c.h; path = FacebookViewController.h; sourceTree = "<group>"; };
		F902B4301BB3F27400F2DF94 /* FacebookViewController.m */ = {isa = PBXFileReference; fileEncoding = 4; lastKnownFileType = sourcecode.c.objc; path = FacebookViewController.m; sourceTree = "<group>"; };
		F902B4321BB3FD2C00F2DF94 /* MessageViewController.h */ = {isa = PBXFileReference; fileEncoding = 4; lastKnownFileType = sourcecode.c.h; path = MessageViewController.h; sourceTree = "<group>"; };
		F902B4331BB3FD2C00F2DF94 /* MessageViewController.m */ = {isa = PBXFileReference; fileEncoding = 4; lastKnownFileType = sourcecode.c.objc; path = MessageViewController.m; sourceTree = "<group>"; };
		F92355011B7A05AC0099DBDE /* close@2x.png */ = {isa = PBXFileReference; lastKnownFileType = image.png; path = "close@2x.png"; sourceTree = "<group>"; };
		F957D6F51BB12BB7009AA5D3 /* HomeViewController.h */ = {isa = PBXFileReference; fileEncoding = 4; lastKnownFileType = sourcecode.c.h; path = HomeViewController.h; sourceTree = "<group>"; };
		F957D6F61BB12BB7009AA5D3 /* HomeViewController.m */ = {isa = PBXFileReference; fileEncoding = 4; lastKnownFileType = sourcecode.c.objc; path = HomeViewController.m; sourceTree = "<group>"; };
		F957D6F91BB131F5009AA5D3 /* orzil.png */ = {isa = PBXFileReference; lastKnownFileType = image.png; path = orzil.png; sourceTree = "<group>"; };
		F957D6FB1BB13708009AA5D3 /* so.png */ = {isa = PBXFileReference; lastKnownFileType = image.png; path = so.png; sourceTree = "<group>"; };
		F957D6FD1BB14AEA009AA5D3 /* o9.jpg */ = {isa = PBXFileReference; lastKnownFileType = image.jpeg; path = o9.jpg; sourceTree = "<group>"; };
		F957D6FE1BB14AEA009AA5D3 /* o8.jpg */ = {isa = PBXFileReference; lastKnownFileType = image.jpeg; path = o8.jpg; sourceTree = "<group>"; };
		F957D6FF1BB14AEA009AA5D3 /* o7.jpg */ = {isa = PBXFileReference; lastKnownFileType = image.jpeg; path = o7.jpg; sourceTree = "<group>"; };
		F957D7001BB14AEA009AA5D3 /* o6.jpg */ = {isa = PBXFileReference; lastKnownFileType = image.jpeg; path = o6.jpg; sourceTree = "<group>"; };
		F957D7011BB14AEA009AA5D3 /* o5.jpg */ = {isa = PBXFileReference; lastKnownFileType = image.jpeg; path = o5.jpg; sourceTree = "<group>"; };
		F957D7021BB14AEA009AA5D3 /* o4.jpg */ = {isa = PBXFileReference; lastKnownFileType = image.jpeg; path = o4.jpg; sourceTree = "<group>"; };
		F957D7031BB14AEA009AA5D3 /* o3.jpg */ = {isa = PBXFileReference; lastKnownFileType = image.jpeg; path = o3.jpg; sourceTree = "<group>"; };
		F957D7041BB14AEA009AA5D3 /* o2.jpg */ = {isa = PBXFileReference; lastKnownFileType = image.jpeg; path = o2.jpg; sourceTree = "<group>"; };
		F957D7051BB14AEA009AA5D3 /* o1.jpg */ = {isa = PBXFileReference; lastKnownFileType = image.jpeg; path = o1.jpg; sourceTree = "<group>"; };
		F957D7061BB14AEA009AA5D3 /* o0.jpg */ = {isa = PBXFileReference; lastKnownFileType = image.jpeg; path = o0.jpg; sourceTree = "<group>"; };
		F957D7111BB15618009AA5D3 /* b1@2x.png */ = {isa = PBXFileReference; lastKnownFileType = image.png; path = "b1@2x.png"; sourceTree = "<group>"; };
		F957D7121BB15618009AA5D3 /* b0@2x.png */ = {isa = PBXFileReference; lastKnownFileType = image.png; path = "b0@2x.png"; sourceTree = "<group>"; };
		F991E31F1B79B49200F787B1 /* iconfont_weibo@2x.png */ = {isa = PBXFileReference; lastKnownFileType = image.png; path = "iconfont_weibo@2x.png"; sourceTree = "<group>"; };
		F991E3211B79B4F600F787B1 /* Common.h */ = {isa = PBXFileReference; fileEncoding = 4; lastKnownFileType = sourcecode.c.h; path = Common.h; sourceTree = "<group>"; };
		F991E3221B79B4F600F787B1 /* Common.m */ = {isa = PBXFileReference; fileEncoding = 4; lastKnownFileType = sourcecode.c.objc; path = Common.m; sourceTree = "<group>"; };
		F9ADE4771B799562006B1E5A /* iconfont_score@2x.png */ = {isa = PBXFileReference; lastKnownFileType = image.png; path = "iconfont_score@2x.png"; sourceTree = "<group>"; };
		F9CF63891B7C447600170CFE /* MoreDetailController.h */ = {isa = PBXFileReference; fileEncoding = 4; lastKnownFileType = sourcecode.c.h; path = MoreDetailController.h; sourceTree = "<group>"; };
		F9CF638A1B7C447600170CFE /* MoreDetailController.m */ = {isa = PBXFileReference; fileEncoding = 4; lastKnownFileType = sourcecode.c.objc; path = MoreDetailController.m; sourceTree = "<group>"; };
		F9CF638C1B7C451A00170CFE /* ShareData.h */ = {isa = PBXFileReference; fileEncoding = 4; lastKnownFileType = sourcecode.c.h; path = ShareData.h; sourceTree = "<group>"; };
		F9CF638D1B7C451A00170CFE /* ShareData.m */ = {isa = PBXFileReference; fileEncoding = 4; lastKnownFileType = sourcecode.c.objc; path = ShareData.m; sourceTree = "<group>"; };
		F9D6BE4C1B7C8DC800411C9C /* UserController.h */ = {isa = PBXFileReference; fileEncoding = 4; lastKnownFileType = sourcecode.c.h; path = UserController.h; sourceTree = "<group>"; };
		F9D6BE4D1B7C8DC800411C9C /* UserController.m */ = {isa = PBXFileReference; fileEncoding = 4; lastKnownFileType = sourcecode.c.objc; path = UserController.m; sourceTree = "<group>"; };
		F9F004C71B79C8AC00A24D6C /* iconfont_more@2x.png */ = {isa = PBXFileReference; lastKnownFileType = image.png; path = "iconfont_more@2x.png"; sourceTree = "<group>"; };
		F9F004C91B79C8C100A24D6C /* MoreController.h */ = {isa = PBXFileReference; fileEncoding = 4; lastKnownFileType = sourcecode.c.h; path = MoreController.h; sourceTree = "<group>"; };
		F9F004CA1B79C8C100A24D6C /* MoreController.m */ = {isa = PBXFileReference; fileEncoding = 4; lastKnownFileType = sourcecode.c.objc; path = MoreController.m; sourceTree = "<group>"; };
		F9F692561B82D78000B839B8 /* back@2x.png */ = {isa = PBXFileReference; lastKnownFileType = image.png; path = "back@2x.png"; sourceTree = "<group>"; };
		F9F9DF7A1BB4DB0900439DB7 /* BlogViewController.h */ = {isa = PBXFileReference; fileEncoding = 4; lastKnownFileType = sourcecode.c.h; path = BlogViewController.h; sourceTree = "<group>"; };
		F9F9DF7B1BB4DB0900439DB7 /* BlogViewController.m */ = {isa = PBXFileReference; fileEncoding = 4; lastKnownFileType = sourcecode.c.objc; path = BlogViewController.m; sourceTree = "<group>"; };
		F9F9DF7D1BB4DB7F00439DB7 /* BlogBean.h */ = {isa = PBXFileReference; fileEncoding = 4; lastKnownFileType = sourcecode.c.h; path = BlogBean.h; sourceTree = "<group>"; };
		F9F9DF7E1BB4DB7F00439DB7 /* BlogBean.m */ = {isa = PBXFileReference; fileEncoding = 4; lastKnownFileType = sourcecode.c.objc; path = BlogBean.m; sourceTree = "<group>"; };
		F9F9DF801BB4DBF500439DB7 /* article2.html */ = {isa = PBXFileReference; fileEncoding = 4; lastKnownFileType = text.html; path = article2.html; sourceTree = "<group>"; };
		F9F9DF811BB4DBF500439DB7 /* article1.html */ = {isa = PBXFileReference; fileEncoding = 4; lastKnownFileType = text.html; path = article1.html; sourceTree = "<group>"; };
		F9F9DF841BB4DEA100439DB7 /* article3.html */ = {isa = PBXFileReference; fileEncoding = 4; lastKnownFileType = text.html; path = article3.html; sourceTree = "<group>"; };
		F9F9DF861BB4DFCD00439DB7 /* article4.html */ = {isa = PBXFileReference; fileEncoding = 4; lastKnownFileType = text.html; path = article4.html; sourceTree = "<group>"; };
		F9F9DF881BB4E31D00439DB7 /* orzil_1024.png */ = {isa = PBXFileReference; lastKnownFileType = image.png; path = orzil_1024.png; sourceTree = "<group>"; };
		F9F9DF891BB4E31D00439DB7 /* orzil_120.png */ = {isa = PBXFileReference; lastKnownFileType = image.png; path = orzil_120.png; sourceTree = "<group>"; };
		F9FBED8E1B7D8B5300D9AB18 /* Default-568h@2x.png */ = {isa = PBXFileReference; lastKnownFileType = image.png; path = "Default-568h@2x.png"; sourceTree = "<group>"; };
		F9FBED8F1B7D8B5300D9AB18 /* Default@2x.png */ = {isa = PBXFileReference; lastKnownFileType = image.png; path = "Default@2x.png"; sourceTree = "<group>"; };
		F9FCC1771BB251CC00B7F449 /* b5@2x.png */ = {isa = PBXFileReference; lastKnownFileType = image.png; path = "b5@2x.png"; sourceTree = "<group>"; };
		F9FCC1781BB251CC00B7F449 /* b2@2x.png */ = {isa = PBXFileReference; lastKnownFileType = image.png; path = "b2@2x.png"; sourceTree = "<group>"; };
		F9FCC1791BB251CC00B7F449 /* facebook@2x.png */ = {isa = PBXFileReference; lastKnownFileType = image.png; path = "facebook@2x.png"; sourceTree = "<group>"; };
		F9FCC17A1BB251CC00B7F449 /* twitter@2x.png */ = {isa = PBXFileReference; lastKnownFileType = image.png; path = "twitter@2x.png"; sourceTree = "<group>"; };
		F9FCC17F1BB2559700B7F449 /* message@2x.png */ = {isa = PBXFileReference; lastKnownFileType = image.png; path = "message@2x.png"; sourceTree = "<group>"; };
		F9FCC1801BB2559700B7F449 /* about@2x.png */ = {isa = PBXFileReference; lastKnownFileType = image.png; path = "about@2x.png"; sourceTree = "<group>"; };
		F9FCC1811BB2559700B7F449 /* auth@2x.png */ = {isa = PBXFileReference; lastKnownFileType = image.png; path = "auth@2x.png"; sourceTree = "<group>"; };
		F9FCC1861BB2807600B7F449 /* ImageViewController.h */ = {isa = PBXFileReference; fileEncoding = 4; lastKnownFileType = sourcecode.c.h; path = ImageViewController.h; sourceTree = "<group>"; };
		F9FCC1871BB2807600B7F449 /* ImageViewController.m */ = {isa = PBXFileReference; fileEncoding = 4; lastKnownFileType = sourcecode.c.objc; path = ImageViewController.m; sourceTree = "<group>"; };
		F9FCC18A1BB2A90900B7F449 /* FileUtil.h */ = {isa = PBXFileReference; fileEncoding = 4; lastKnownFileType = sourcecode.c.h; path = FileUtil.h; sourceTree = "<group>"; };
		F9FCC18B1BB2A90900B7F449 /* FileUtil.m */ = {isa = PBXFileReference; fileEncoding = 4; lastKnownFileType = sourcecode.c.objc; path = FileUtil.m; sourceTree = "<group>"; };
		F9FCC18C1BB2A90900B7F449 /* ImageCacher.h */ = {isa = PBXFileReference; fileEncoding = 4; lastKnownFileType = sourcecode.c.h; path = ImageCacher.h; sourceTree = "<group>"; };
		F9FCC18D1BB2A90900B7F449 /* ImageCacher.m */ = {isa = PBXFileReference; fileEncoding = 4; lastKnownFileType = sourcecode.c.objc; path = ImageCacher.m; sourceTree = "<group>"; };
		F9FCC18E1BB2A90900B7F449 /* ImageLoader.h */ = {isa = PBXFileReference; fileEncoding = 4; lastKnownFileType = sourcecode.c.h; path = ImageLoader.h; sourceTree = "<group>"; };
		F9FCC18F1BB2A90900B7F449 /* ImageLoader.m */ = {isa = PBXFileReference; fileEncoding = 4; lastKnownFileType = sourcecode.c.objc; path = ImageLoader.m; sourceTree = "<group>"; };
		F9FCC1901BB2A90900B7F449 /* MyScrollView.h */ = {isa = PBXFileReference; fileEncoding = 4; lastKnownFileType = sourcecode.c.h; path = MyScrollView.h; sourceTree = "<group>"; };
		F9FCC1911BB2A90900B7F449 /* MyScrollView.m */ = {isa = PBXFileReference; fileEncoding = 4; lastKnownFileType = sourcecode.c.objc; path = MyScrollView.m; sourceTree = "<group>"; };
		F9FCC1921BB2A90900B7F449 /* MyToast.h */ = {isa = PBXFileReference; fileEncoding = 4; lastKnownFileType = sourcecode.c.h; path = MyToast.h; sourceTree = "<group>"; };
		F9FCC1931BB2A90900B7F449 /* MyToast.m */ = {isa = PBXFileReference; fileEncoding = 4; lastKnownFileType = sourcecode.c.objc; path = MyToast.m; sourceTree = "<group>"; };
		F9FCC1941BB2A90900B7F449 /* MyUtil.h */ = {isa = PBXFileReference; fileEncoding = 4; lastKnownFileType = sourcecode.c.h; path = MyUtil.h; sourceTree = "<group>"; };
		F9FCC1951BB2A90900B7F449 /* MyUtil.m */ = {isa = PBXFileReference; fileEncoding = 4; lastKnownFileType = sourcecode.c.objc; path = MyUtil.m; sourceTree = "<group>"; };
		F9FCC1961BB2A90900B7F449 /* PhotoViewController.h */ = {isa = PBXFileReference; fileEncoding = 4; lastKnownFileType = sourcecode.c.h; path = PhotoViewController.h; sourceTree = "<group>"; };
		F9FCC1971BB2A90900B7F449 /* PhotoViewController.m */ = {isa = PBXFileReference; fileEncoding = 4; lastKnownFileType = sourcecode.c.objc; path = PhotoViewController.m; sourceTree = "<group>"; };
		F9FFDECA1B72EBC700B9AA82 /* Ars.app */ = {isa = PBXFileReference; explicitFileType = wrapper.application; includeInIndex = 0; path = Ars.app; sourceTree = BUILT_PRODUCTS_DIR; };
		F9FFDECE1B72EBC700B9AA82 /* Info.plist */ = {isa = PBXFileReference; lastKnownFileType = text.plist.xml; path = Info.plist; sourceTree = "<group>"; };
		F9FFDECF1B72EBC700B9AA82 /* main.m */ = {isa = PBXFileReference; lastKnownFileType = sourcecode.c.objc; path = main.m; sourceTree = "<group>"; };
		F9FFDED11B72EBC700B9AA82 /* AppDelegate.h */ = {isa = PBXFileReference; lastKnownFileType = sourcecode.c.h; path = AppDelegate.h; sourceTree = "<group>"; };
		F9FFDED21B72EBC700B9AA82 /* AppDelegate.m */ = {isa = PBXFileReference; lastKnownFileType = sourcecode.c.objc; path = AppDelegate.m; sourceTree = "<group>"; };
		F9FFDED81B72EBC700B9AA82 /* Base */ = {isa = PBXFileReference; lastKnownFileType = file.storyboard; name = Base; path = Base.lproj/Main.storyboard; sourceTree = "<group>"; };
		F9FFDEDA1B72EBC700B9AA82 /* Images.xcassets */ = {isa = PBXFileReference; lastKnownFileType = folder.assetcatalog; path = Images.xcassets; sourceTree = "<group>"; };
		F9FFDEDD1B72EBC700B9AA82 /* Base */ = {isa = PBXFileReference; lastKnownFileType = file.xib; name = Base; path = Base.lproj/LaunchScreen.xib; sourceTree = "<group>"; };
		F9FFDEE31B72EBC700B9AA82 /* ArsTests.xctest */ = {isa = PBXFileReference; explicitFileType = wrapper.cfbundle; includeInIndex = 0; path = ArsTests.xctest; sourceTree = BUILT_PRODUCTS_DIR; };
		F9FFDEE81B72EBC700B9AA82 /* Info.plist */ = {isa = PBXFileReference; lastKnownFileType = text.plist.xml; path = Info.plist; sourceTree = "<group>"; };
		F9FFDEE91B72EBC700B9AA82 /* ArsTests.m */ = {isa = PBXFileReference; lastKnownFileType = sourcecode.c.objc; path = ArsTests.m; sourceTree = "<group>"; };
		F9FFDEF41B72EC2700B9AA82 /* NetCall.h */ = {isa = PBXFileReference; fileEncoding = 4; lastKnownFileType = sourcecode.c.h; path = NetCall.h; sourceTree = "<group>"; };
		F9FFDEF51B72EC2700B9AA82 /* NetCall.m */ = {isa = PBXFileReference; fileEncoding = 4; lastKnownFileType = sourcecode.c.objc; path = NetCall.m; sourceTree = "<group>"; };
		F9FFDEF71B72EDCD00B9AA82 /* CFNetwork.framework */ = {isa = PBXFileReference; lastKnownFileType = wrapper.framework; name = CFNetwork.framework; path = System/Library/Frameworks/CFNetwork.framework; sourceTree = SDKROOT; };
		F9FFDEFB1B72F01E00B9AA82 /* TFHpple.h */ = {isa = PBXFileReference; fileEncoding = 4; lastKnownFileType = sourcecode.c.h; path = TFHpple.h; sourceTree = "<group>"; };
		F9FFDEFC1B72F01E00B9AA82 /* TFHpple.m */ = {isa = PBXFileReference; fileEncoding = 4; lastKnownFileType = sourcecode.c.objc; path = TFHpple.m; sourceTree = "<group>"; };
		F9FFDEFD1B72F01E00B9AA82 /* TFHppleElement.h */ = {isa = PBXFileReference; fileEncoding = 4; lastKnownFileType = sourcecode.c.h; path = TFHppleElement.h; sourceTree = "<group>"; };
		F9FFDEFE1B72F01E00B9AA82 /* TFHppleElement.m */ = {isa = PBXFileReference; fileEncoding = 4; lastKnownFileType = sourcecode.c.objc; path = TFHppleElement.m; sourceTree = "<group>"; };
		F9FFDEFF1B72F01E00B9AA82 /* XPathQuery.h */ = {isa = PBXFileReference; fileEncoding = 4; lastKnownFileType = sourcecode.c.h; path = XPathQuery.h; sourceTree = "<group>"; };
		F9FFDF001B72F01E00B9AA82 /* XPathQuery.m */ = {isa = PBXFileReference; fileEncoding = 4; lastKnownFileType = sourcecode.c.objc; path = XPathQuery.m; sourceTree = "<group>"; };
		F9FFDF321B72F1FA00B9AA82 /* QuartzCore.framework */ = {isa = PBXFileReference; lastKnownFileType = wrapper.framework; name = QuartzCore.framework; path = System/Library/Frameworks/QuartzCore.framework; sourceTree = SDKROOT; };
		F9FFDF351B72F2EA00B9AA82 /* TieBean.h */ = {isa = PBXFileReference; fileEncoding = 4; lastKnownFileType = sourcecode.c.h; path = TieBean.h; sourceTree = "<group>"; };
		F9FFDF361B72F2EA00B9AA82 /* TieBean.m */ = {isa = PBXFileReference; fileEncoding = 4; lastKnownFileType = sourcecode.c.objc; path = TieBean.m; sourceTree = "<group>"; };
		F9FFDF3A1B72F44100B9AA82 /* libxml2.dylib */ = {isa = PBXFileReference; lastKnownFileType = "compiled.mach-o.dylib"; name = libxml2.dylib; path = usr/lib/libxml2.dylib; sourceTree = SDKROOT; };
		F9FFDF3C1B72F46900B9AA82 /* libsqlite3.dylib */ = {isa = PBXFileReference; lastKnownFileType = "compiled.mach-o.dylib"; name = libsqlite3.dylib; path = usr/lib/libsqlite3.dylib; sourceTree = SDKROOT; };
/* End PBXFileReference section */

/* Begin PBXFrameworksBuildPhase section */
		F9FFDEC71B72EBC700B9AA82 /* Frameworks */ = {
			isa = PBXFrameworksBuildPhase;
			buildActionMask = 2147483647;
			files = (
				F9FFDF3D1B72F46900B9AA82 /* libsqlite3.dylib in Frameworks */,
				F9FFDF3B1B72F44100B9AA82 /* libxml2.dylib in Frameworks */,
				F9FFDF331B72F1FA00B9AA82 /* QuartzCore.framework in Frameworks */,
				F9FFDEF81B72EDCD00B9AA82 /* CFNetwork.framework in Frameworks */,
				AF8B0E407B161EC4B33498A2 /* libPods.a in Frameworks */,
			);
			runOnlyForDeploymentPostprocessing = 0;
		};
		F9FFDEE01B72EBC700B9AA82 /* Frameworks */ = {
			isa = PBXFrameworksBuildPhase;
			buildActionMask = 2147483647;
			files = (
			);
			runOnlyForDeploymentPostprocessing = 0;
		};
/* End PBXFrameworksBuildPhase section */

/* Begin PBXGroup section */
		D4208A851DB572C2F88C6AE3 /* Pods */ = {
			isa = PBXGroup;
			children = (
				EB15E7BFC943C47A07B6E749 /* Pods.debug.xcconfig */,
				F763965208308A0E441C317B /* Pods.release.xcconfig */,
			);
			name = Pods;
			sourceTree = "<group>";
		};
		F90221301B78336C00746066 /* images */ = {
			isa = PBXGroup;
			children = (
				F9FBED8E1B7D8B5300D9AB18 /* Default-568h@2x.png */,
				F9FBED8F1B7D8B5300D9AB18 /* Default@2x.png */,
				F9F692561B82D78000B839B8 /* back@2x.png */,
				F92355011B7A05AC0099DBDE /* close@2x.png */,
				F9F004C71B79C8AC00A24D6C /* iconfont_more@2x.png */,
				F991E31F1B79B49200F787B1 /* iconfont_weibo@2x.png */,
				F9ADE4771B799562006B1E5A /* iconfont_score@2x.png */,
				F90221351B783A8B00746066 /* iconfont_163@2x.png */,
				F90221311B7833C200746066 /* iconfont_tie@2x.png */,
				F90221321B7833C200746066 /* iconfont_sina@2x.png */,
			);
			name = images;
			sourceTree = "<group>";
		};
		F902B4211BB3931000F2DF94 /* www */ = {
			isa = PBXGroup;
			children = (
				F9F9DF861BB4DFCD00439DB7 /* article4.html */,
				F9F9DF841BB4DEA100439DB7 /* article3.html */,
				F9F9DF801BB4DBF500439DB7 /* article2.html */,
				F9F9DF811BB4DBF500439DB7 /* article1.html */,
				F902B4241BB398B800F2DF94 /* 272.html */,
				F902B4221BB3931000F2DF94 /* bootstrap.min.css */,
			);
			path = www;
			sourceTree = "<group>";
		};
		F957D6F81BB131F5009AA5D3 /* resource */ = {
			isa = PBXGroup;
			children = (
				F90241A21BBA1BCF004FD2D4 /* orzil_114@2x.png */,
				F9F9DF881BB4E31D00439DB7 /* orzil_1024.png */,
				F9F9DF891BB4E31D00439DB7 /* orzil_120.png */,
				F9FCC17F1BB2559700B7F449 /* message@2x.png */,
				F9FCC1801BB2559700B7F449 /* about@2x.png */,
				F9FCC1811BB2559700B7F449 /* auth@2x.png */,
				F9FCC1771BB251CC00B7F449 /* b5@2x.png */,
				F9FCC1781BB251CC00B7F449 /* b2@2x.png */,
				F9FCC1791BB251CC00B7F449 /* facebook@2x.png */,
				F9FCC17A1BB251CC00B7F449 /* twitter@2x.png */,
				F957D7111BB15618009AA5D3 /* b1@2x.png */,
				F957D7121BB15618009AA5D3 /* b0@2x.png */,
				F957D6FD1BB14AEA009AA5D3 /* o9.jpg */,
				F957D6FE1BB14AEA009AA5D3 /* o8.jpg */,
				F957D6FF1BB14AEA009AA5D3 /* o7.jpg */,
				F957D7001BB14AEA009AA5D3 /* o6.jpg */,
				F957D7011BB14AEA009AA5D3 /* o5.jpg */,
				F957D7021BB14AEA009AA5D3 /* o4.jpg */,
				F957D7031BB14AEA009AA5D3 /* o3.jpg */,
				F957D7041BB14AEA009AA5D3 /* o2.jpg */,
				F957D7051BB14AEA009AA5D3 /* o1.jpg */,
				F957D7061BB14AEA009AA5D3 /* o0.jpg */,
				F957D6FB1BB13708009AA5D3 /* so.png */,
				F957D6F91BB131F5009AA5D3 /* orzil.png */,
			);
			path = resource;
			sourceTree = "<group>";
		};
		F9FCC1851BB2806300B7F449 /* main */ = {
			isa = PBXGroup;
			children = (
				F9FCC1861BB2807600B7F449 /* ImageViewController.h */,
				F9FCC1871BB2807600B7F449 /* ImageViewController.m */,
				F902B41E1BB3906B00F2DF94 /* CartoonViewController.h */,
				F902B41F1BB3906B00F2DF94 /* CartoonViewController.m */,
				F902B4261BB398CF00F2DF94 /* WebViewController.h */,
				F902B4271BB398CF00F2DF94 /* WebViewController.m */,
				F902B4291BB3A6E200F2DF94 /* TwitterViewController.h */,
				F902B42A1BB3A6E200F2DF94 /* TwitterViewController.m */,
				F902B42F1BB3F27400F2DF94 /* FacebookViewController.h */,
				F902B4301BB3F27400F2DF94 /* FacebookViewController.m */,
				F902B4321BB3FD2C00F2DF94 /* MessageViewController.h */,
				F902B4331BB3FD2C00F2DF94 /* MessageViewController.m */,
				F9F9DF7A1BB4DB0900439DB7 /* BlogViewController.h */,
				F9F9DF7B1BB4DB0900439DB7 /* BlogViewController.m */,
			);
			name = main;
			sourceTree = "<group>";
		};
		F9FCC1891BB2A90900B7F449 /* utils */ = {
			isa = PBXGroup;
			children = (
				F9FCC18A1BB2A90900B7F449 /* FileUtil.h */,
				F9FCC18B1BB2A90900B7F449 /* FileUtil.m */,
				F9FCC18C1BB2A90900B7F449 /* ImageCacher.h */,
				F9FCC18D1BB2A90900B7F449 /* ImageCacher.m */,
				F9FCC18E1BB2A90900B7F449 /* ImageLoader.h */,
				F9FCC18F1BB2A90900B7F449 /* ImageLoader.m */,
				F9FCC1901BB2A90900B7F449 /* MyScrollView.h */,
				F9FCC1911BB2A90900B7F449 /* MyScrollView.m */,
				F9FCC1921BB2A90900B7F449 /* MyToast.h */,
				F9FCC1931BB2A90900B7F449 /* MyToast.m */,
				F9FCC1941BB2A90900B7F449 /* MyUtil.h */,
				F9FCC1951BB2A90900B7F449 /* MyUtil.m */,
				F9FCC1961BB2A90900B7F449 /* PhotoViewController.h */,
				F9FCC1971BB2A90900B7F449 /* PhotoViewController.m */,
			);
			path = utils;
			sourceTree = "<group>";
		};
		F9FFDEC11B72EBC700B9AA82 = {
			isa = PBXGroup;
			children = (
				F9FFDECC1B72EBC700B9AA82 /* Ars */,
				F9FFDEE61B72EBC700B9AA82 /* ArsTests */,
				F9FFDECB1B72EBC700B9AA82 /* Products */,
				F9FFDEF91B72EDE800B9AA82 /* Frameworks */,
				D4208A851DB572C2F88C6AE3 /* Pods */,
			);
			sourceTree = "<group>";
		};
		F9FFDECB1B72EBC700B9AA82 /* Products */ = {
			isa = PBXGroup;
			children = (
				F9FFDECA1B72EBC700B9AA82 /* Ars.app */,
				F9FFDEE31B72EBC700B9AA82 /* ArsTests.xctest */,
			);
			name = Products;
			sourceTree = "<group>";
		};
		F9FFDECC1B72EBC700B9AA82 /* Ars */ = {
			isa = PBXGroup;
			children = (
				F902B4211BB3931000F2DF94 /* www */,
				F9FCC1891BB2A90900B7F449 /* utils */,
				F9FCC1851BB2806300B7F449 /* main */,
				F957D6F81BB131F5009AA5D3 /* resource */,
				F90221301B78336C00746066 /* images */,
				F9FFDF341B72F2D100B9AA82 /* model */,
				F9FFDEFA1B72F00D00B9AA82 /* hpple */,
				F9FFDEF31B72EC0900B9AA82 /* service */,
				F9FFDED11B72EBC700B9AA82 /* AppDelegate.h */,
				F9FFDED21B72EBC700B9AA82 /* AppDelegate.m */,
				F9FFDED71B72EBC700B9AA82 /* Main.storyboard */,
				F9FFDEDA1B72EBC700B9AA82 /* Images.xcassets */,
				F9FFDEDC1B72EBC700B9AA82 /* LaunchScreen.xib */,
				F9FFDECD1B72EBC700B9AA82 /* Supporting Files */,
				F9F004C91B79C8C100A24D6C /* MoreController.h */,
				F9F004CA1B79C8C100A24D6C /* MoreController.m */,
				F9CF63891B7C447600170CFE /* MoreDetailController.h */,
				F9CF638A1B7C447600170CFE /* MoreDetailController.m */,
				F9D6BE4C1B7C8DC800411C9C /* UserController.h */,
				F9D6BE4D1B7C8DC800411C9C /* UserController.m */,
				F957D6F51BB12BB7009AA5D3 /* HomeViewController.h */,
				F957D6F61BB12BB7009AA5D3 /* HomeViewController.m */,
			);
			path = Ars;
			sourceTree = "<group>";
		};
		F9FFDECD1B72EBC700B9AA82 /* Supporting Files */ = {
			isa = PBXGroup;
			children = (
				F9FFDECE1B72EBC700B9AA82 /* Info.plist */,
				F9FFDECF1B72EBC700B9AA82 /* main.m */,
			);
			name = "Supporting Files";
			sourceTree = "<group>";
		};
		F9FFDEE61B72EBC700B9AA82 /* ArsTests */ = {
			isa = PBXGroup;
			children = (
				F9FFDEE91B72EBC700B9AA82 /* ArsTests.m */,
				F9FFDEE71B72EBC700B9AA82 /* Supporting Files */,
			);
			path = ArsTests;
			sourceTree = "<group>";
		};
		F9FFDEE71B72EBC700B9AA82 /* Supporting Files */ = {
			isa = PBXGroup;
			children = (
				F9FFDEE81B72EBC700B9AA82 /* Info.plist */,
			);
			name = "Supporting Files";
			sourceTree = "<group>";
		};
		F9FFDEF31B72EC0900B9AA82 /* service */ = {
			isa = PBXGroup;
			children = (
				F902B41B1BB3806B00F2DF94 /* MainService.h */,
				F902B41C1BB3806B00F2DF94 /* MainService.m */,
				F9CF638C1B7C451A00170CFE /* ShareData.h */,
				F9CF638D1B7C451A00170CFE /* ShareData.m */,
				F991E3211B79B4F600F787B1 /* Common.h */,
				F991E3221B79B4F600F787B1 /* Common.m */,
				F9FFDEF41B72EC2700B9AA82 /* NetCall.h */,
				F9FFDEF51B72EC2700B9AA82 /* NetCall.m */,
			);
			name = service;
			sourceTree = "<group>";
		};
		F9FFDEF91B72EDE800B9AA82 /* Frameworks */ = {
			isa = PBXGroup;
			children = (
				F9FFDF3C1B72F46900B9AA82 /* libsqlite3.dylib */,
				F9FFDF3A1B72F44100B9AA82 /* libxml2.dylib */,
				F9FFDF321B72F1FA00B9AA82 /* QuartzCore.framework */,
				F9FFDEF71B72EDCD00B9AA82 /* CFNetwork.framework */,
				92AC7E5A516979365D3C355E /* libPods.a */,
			);
			name = Frameworks;
			sourceTree = "<group>";
		};
		F9FFDEFA1B72F00D00B9AA82 /* hpple */ = {
			isa = PBXGroup;
			children = (
				F9FFDEFB1B72F01E00B9AA82 /* TFHpple.h */,
				F9FFDEFC1B72F01E00B9AA82 /* TFHpple.m */,
				F9FFDEFD1B72F01E00B9AA82 /* TFHppleElement.h */,
				F9FFDEFE1B72F01E00B9AA82 /* TFHppleElement.m */,
				F9FFDEFF1B72F01E00B9AA82 /* XPathQuery.h */,
				F9FFDF001B72F01E00B9AA82 /* XPathQuery.m */,
			);
			name = hpple;
			sourceTree = "<group>";
		};
		F9FFDF341B72F2D100B9AA82 /* model */ = {
			isa = PBXGroup;
			children = (
				F9FFDF351B72F2EA00B9AA82 /* TieBean.h */,
				F9FFDF361B72F2EA00B9AA82 /* TieBean.m */,
				F902B42C1BB3E20300F2DF94 /* TwitterBean.h */,
				F902B42D1BB3E20300F2DF94 /* TwitterBean.m */,
				F9F9DF7D1BB4DB7F00439DB7 /* BlogBean.h */,
				F9F9DF7E1BB4DB7F00439DB7 /* BlogBean.m */,
			);
			name = model;
			sourceTree = "<group>";
		};
/* End PBXGroup section */

/* Begin PBXNativeTarget section */
		F9FFDEC91B72EBC700B9AA82 /* Ars */ = {
			isa = PBXNativeTarget;
			buildConfigurationList = F9FFDEED1B72EBC700B9AA82 /* Build configuration list for PBXNativeTarget "Ars" */;
			buildPhases = (
				D334DF2E3846AB8999DD7BBA /* Check Pods Manifest.lock */,
				F9FFDEC61B72EBC700B9AA82 /* Sources */,
				F9FFDEC71B72EBC700B9AA82 /* Frameworks */,
				F9FFDEC81B72EBC700B9AA82 /* Resources */,
				1127D76CC4B087E814D44217 /* Copy Pods Resources */,
			);
			buildRules = (
			);
			dependencies = (
			);
			name = Ars;
			productName = Ars;
			productReference = F9FFDECA1B72EBC700B9AA82 /* Ars.app */;
			productType = "com.apple.product-type.application";
		};
		F9FFDEE21B72EBC700B9AA82 /* ArsTests */ = {
			isa = PBXNativeTarget;
			buildConfigurationList = F9FFDEF01B72EBC700B9AA82 /* Build configuration list for PBXNativeTarget "ArsTests" */;
			buildPhases = (
				F9FFDEDF1B72EBC700B9AA82 /* Sources */,
				F9FFDEE01B72EBC700B9AA82 /* Frameworks */,
				F9FFDEE11B72EBC700B9AA82 /* Resources */,
			);
			buildRules = (
			);
			dependencies = (
				F9FFDEE51B72EBC700B9AA82 /* PBXTargetDependency */,
			);
			name = ArsTests;
			productName = ArsTests;
			productReference = F9FFDEE31B72EBC700B9AA82 /* ArsTests.xctest */;
			productType = "com.apple.product-type.bundle.unit-test";
		};
/* End PBXNativeTarget section */

/* Begin PBXProject section */
		F9FFDEC21B72EBC700B9AA82 /* Project object */ = {
			isa = PBXProject;
			attributes = {
				LastUpgradeCheck = 0640;
				ORGANIZATIONNAME = jov;
				TargetAttributes = {
					F9FFDEC91B72EBC700B9AA82 = {
						CreatedOnToolsVersion = 6.4;
						DevelopmentTeam = X3Z7F9RGE9;
					};
					F9FFDEE21B72EBC700B9AA82 = {
						CreatedOnToolsVersion = 6.4;
						TestTargetID = F9FFDEC91B72EBC700B9AA82;
					};
				};
			};
			buildConfigurationList = F9FFDEC51B72EBC700B9AA82 /* Build configuration list for PBXProject "Ars" */;
			compatibilityVersion = "Xcode 3.2";
			developmentRegion = English;
			hasScannedForEncodings = 0;
			knownRegions = (
				en,
				Base,
			);
			mainGroup = F9FFDEC11B72EBC700B9AA82;
			productRefGroup = F9FFDECB1B72EBC700B9AA82 /* Products */;
			projectDirPath = "";
			projectRoot = "";
			targets = (
				F9FFDEC91B72EBC700B9AA82 /* Ars */,
				F9FFDEE21B72EBC700B9AA82 /* ArsTests */,
			);
		};
/* End PBXProject section */

/* Begin PBXResourcesBuildPhase section */
		F9FFDEC81B72EBC700B9AA82 /* Resources */ = {
			isa = PBXResourcesBuildPhase;
			buildActionMask = 2147483647;
			files = (
				F957D7101BB14AEA009AA5D3 /* o0.jpg in Resources */,
				F957D70C1BB14AEA009AA5D3 /* o4.jpg in Resources */,
				F9FCC17E1BB251CC00B7F449 /* twitter@2x.png in Resources */,
				F9FCC1841BB2559700B7F449 /* auth@2x.png in Resources */,
				F9FBED901B7D8B5300D9AB18 /* Default-568h@2x.png in Resources */,
				F9F9DF8B1BB4E31D00439DB7 /* orzil_120.png in Resources */,
				F9FCC1821BB2559700B7F449 /* message@2x.png in Resources */,
				F9F9DF831BB4DBF500439DB7 /* article1.html in Resources */,
				F9ADE4781B799562006B1E5A /* iconfont_score@2x.png in Resources */,
				F957D7091BB14AEA009AA5D3 /* o7.jpg in Resources */,
				F957D7071BB14AEA009AA5D3 /* o9.jpg in Resources */,
				F957D70D1BB14AEA009AA5D3 /* o3.jpg in Resources */,
				F9F9DF871BB4DFCD00439DB7 /* article4.html in Resources */,
				F9FCC1831BB2559700B7F449 /* about@2x.png in Resources */,
				F90221331B7833C200746066 /* iconfont_tie@2x.png in Resources */,
				F90241A31BBA1BCF004FD2D4 /* orzil_114@2x.png in Resources */,
				F9F9DF821BB4DBF500439DB7 /* article2.html in Resources */,
				F90221361B783A8B00746066 /* iconfont_163@2x.png in Resources */,
				F957D70E1BB14AEA009AA5D3 /* o2.jpg in Resources */,
				F9FBED911B7D8B5300D9AB18 /* Default@2x.png in Resources */,
				F9FCC17B1BB251CC00B7F449 /* b5@2x.png in Resources */,
				F9F692571B82D78000B839B8 /* back@2x.png in Resources */,
				F9F9DF8A1BB4E31D00439DB7 /* orzil_1024.png in Resources */,
				F957D7131BB15618009AA5D3 /* b1@2x.png in Resources */,
				F957D70B1BB14AEA009AA5D3 /* o5.jpg in Resources */,
				F9FFDED91B72EBC700B9AA82 /* Main.storyboard in Resources */,
				F9F004C81B79C8AC00A24D6C /* iconfont_more@2x.png in Resources */,
				F957D70F1BB14AEA009AA5D3 /* o1.jpg in Resources */,
				F9F9DF851BB4DEA100439DB7 /* article3.html in Resources */,
				F92355021B7A05AC0099DBDE /* close@2x.png in Resources */,
				F9FFDEDE1B72EBC700B9AA82 /* LaunchScreen.xib in Resources */,
				F90221341B7833C200746066 /* iconfont_sina@2x.png in Resources */,
				F957D7141BB15618009AA5D3 /* b0@2x.png in Resources */,
				F957D7081BB14AEA009AA5D3 /* o8.jpg in Resources */,
				F957D70A1BB14AEA009AA5D3 /* o6.jpg in Resources */,
				F957D6FC1BB13708009AA5D3 /* so.png in Resources */,
				F9FFDEDB1B72EBC700B9AA82 /* Images.xcassets in Resources */,
				F9FCC17D1BB251CC00B7F449 /* facebook@2x.png in Resources */,
				F9FCC17C1BB251CC00B7F449 /* b2@2x.png in Resources */,
				F957D6FA1BB131F5009AA5D3 /* orzil.png in Resources */,
				F991E3201B79B49200F787B1 /* iconfont_weibo@2x.png in Resources */,
				F902B4231BB3931000F2DF94 /* bootstrap.min.css in Resources */,
				F902B4251BB398B800F2DF94 /* 272.html in Resources */,
			);
			runOnlyForDeploymentPostprocessing = 0;
		};
		F9FFDEE11B72EBC700B9AA82 /* Resources */ = {
			isa = PBXResourcesBuildPhase;
			buildActionMask = 2147483647;
			files = (
			);
			runOnlyForDeploymentPostprocessing = 0;
		};
/* End PBXResourcesBuildPhase section */

/* Begin PBXShellScriptBuildPhase section */
		1127D76CC4B087E814D44217 /* Copy Pods Resources */ = {
			isa = PBXShellScriptBuildPhase;
			buildActionMask = 2147483647;
			files = (
			);
			inputPaths = (
			);
			name = "Copy Pods Resources";
			outputPaths = (
			);
			runOnlyForDeploymentPostprocessing = 0;
			shellPath = /bin/sh;
			shellScript = "\"${SRCROOT}/Pods/Target Support Files/Pods/Pods-resources.sh\"\n";
			showEnvVarsInLog = 0;
		};
		D334DF2E3846AB8999DD7BBA /* Check Pods Manifest.lock */ = {
			isa = PBXShellScriptBuildPhase;
			buildActionMask = 2147483647;
			files = (
			);
			inputPaths = (
			);
			name = "Check Pods Manifest.lock";
			outputPaths = (
			);
			runOnlyForDeploymentPostprocessing = 0;
			shellPath = /bin/sh;
			shellScript = "diff \"${PODS_ROOT}/../Podfile.lock\" \"${PODS_ROOT}/Manifest.lock\" > /dev/null\nif [[ $? != 0 ]] ; then\n    cat << EOM\nerror: The sandbox is not in sync with the Podfile.lock. Run 'pod install' or update your CocoaPods installation.\nEOM\n    exit 1\nfi\n";
			showEnvVarsInLog = 0;
		};
/* End PBXShellScriptBuildPhase section */

/* Begin PBXSourcesBuildPhase section */
		F9FFDEC61B72EBC700B9AA82 /* Sources */ = {
			isa = PBXSourcesBuildPhase;
			buildActionMask = 2147483647;
			files = (
				F902B4311BB3F27400F2DF94 /* FacebookViewController.m in Sources */,
				F9FCC1981BB2A90900B7F449 /* FileUtil.m in Sources */,
				F9FCC1991BB2A90900B7F449 /* ImageCacher.m in Sources */,
				F9D6BE4E1B7C8DC800411C9C /* UserController.m in Sources */,
				F902B42B1BB3A6E200F2DF94 /* TwitterViewController.m in Sources */,
				F9FFDF371B72F2EA00B9AA82 /* TieBean.m in Sources */,
				F902B4341BB3FD2C00F2DF94 /* MessageViewController.m in Sources */,
				F9FFDF021B72F01E00B9AA82 /* TFHppleElement.m in Sources */,
				F9CF638E1B7C451A00170CFE /* ShareData.m in Sources */,
				F9FCC19E1BB2A90900B7F449 /* PhotoViewController.m in Sources */,
				F902B4201BB3906B00F2DF94 /* CartoonViewController.m in Sources */,
				F902B42E1BB3E20300F2DF94 /* TwitterBean.m in Sources */,
				F957D6F71BB12BB7009AA5D3 /* HomeViewController.m in Sources */,
				F9FFDF031B72F01E00B9AA82 /* XPathQuery.m in Sources */,
				F9FFDF011B72F01E00B9AA82 /* TFHpple.m in Sources */,
				F9F9DF7C1BB4DB0900439DB7 /* BlogViewController.m in Sources */,
				F9FFDED31B72EBC700B9AA82 /* AppDelegate.m in Sources */,
				F9FFDED01B72EBC700B9AA82 /* main.m in Sources */,
				F9FCC19C1BB2A90900B7F449 /* MyToast.m in Sources */,
				F9FCC19B1BB2A90900B7F449 /* MyScrollView.m in Sources */,
				F902B41D1BB3806B00F2DF94 /* MainService.m in Sources */,
				F9FCC19A1BB2A90900B7F449 /* ImageLoader.m in Sources */,
				F9F004CB1B79C8C100A24D6C /* MoreController.m in Sources */,
				F9FCC19D1BB2A90900B7F449 /* MyUtil.m in Sources */,
				F902B4281BB398CF00F2DF94 /* WebViewController.m in Sources */,
				F9FFDEF61B72EC2700B9AA82 /* NetCall.m in Sources */,
				F9CF638B1B7C447600170CFE /* MoreDetailController.m in Sources */,
				F9F9DF7F1BB4DB7F00439DB7 /* BlogBean.m in Sources */,
				F9FCC1881BB2807600B7F449 /* ImageViewController.m in Sources */,
				F991E3231B79B4F600F787B1 /* Common.m in Sources */,
			);
			runOnlyForDeploymentPostprocessing = 0;
		};
		F9FFDEDF1B72EBC700B9AA82 /* Sources */ = {
			isa = PBXSourcesBuildPhase;
			buildActionMask = 2147483647;
			files = (
				F9FFDEEA1B72EBC700B9AA82 /* ArsTests.m in Sources */,
			);
			runOnlyForDeploymentPostprocessing = 0;
		};
/* End PBXSourcesBuildPhase section */

/* Begin PBXTargetDependency section */
		F9FFDEE51B72EBC700B9AA82 /* PBXTargetDependency */ = {
			isa = PBXTargetDependency;
			target = F9FFDEC91B72EBC700B9AA82 /* Ars */;
			targetProxy = F9FFDEE41B72EBC700B9AA82 /* PBXContainerItemProxy */;
		};
/* End PBXTargetDependency section */

/* Begin PBXVariantGroup section */
		F9FFDED71B72EBC700B9AA82 /* Main.storyboard */ = {
			isa = PBXVariantGroup;
			children = (
				F9FFDED81B72EBC700B9AA82 /* Base */,
			);
			name = Main.storyboard;
			sourceTree = "<group>";
		};
		F9FFDEDC1B72EBC700B9AA82 /* LaunchScreen.xib */ = {
			isa = PBXVariantGroup;
			children = (
				F9FFDEDD1B72EBC700B9AA82 /* Base */,
			);
			name = LaunchScreen.xib;
			sourceTree = "<group>";
		};
/* End PBXVariantGroup section */

/* Begin XCBuildConfiguration section */
		F9FFDEEB1B72EBC700B9AA82 /* Debug */ = {
			isa = XCBuildConfiguration;
			buildSettings = {
				ALWAYS_SEARCH_USER_PATHS = NO;
				CLANG_CXX_LANGUAGE_STANDARD = "gnu++0x";
				CLANG_CXX_LIBRARY = "libc++";
				CLANG_ENABLE_MODULES = YES;
				CLANG_ENABLE_OBJC_ARC = YES;
				CLANG_WARN_BOOL_CONVERSION = YES;
				CLANG_WARN_CONSTANT_CONVERSION = YES;
				CLANG_WARN_DIRECT_OBJC_ISA_USAGE = YES_ERROR;
				CLANG_WARN_EMPTY_BODY = YES;
				CLANG_WARN_ENUM_CONVERSION = YES;
				CLANG_WARN_INT_CONVERSION = YES;
				CLANG_WARN_OBJC_ROOT_CLASS = YES_ERROR;
				CLANG_WARN_UNREACHABLE_CODE = YES;
				CLANG_WARN__DUPLICATE_METHOD_MATCH = YES;
				"CODE_SIGN_IDENTITY[sdk=iphoneos*]" = "iPhone Developer";
				COPY_PHASE_STRIP = NO;
				DEBUG_INFORMATION_FORMAT = "dwarf-with-dsym";
				ENABLE_STRICT_OBJC_MSGSEND = YES;
				GCC_C_LANGUAGE_STANDARD = gnu99;
				GCC_DYNAMIC_NO_PIC = NO;
				GCC_NO_COMMON_BLOCKS = YES;
				GCC_OPTIMIZATION_LEVEL = 0;
				GCC_PREPROCESSOR_DEFINITIONS = (
					"DEBUG=1",
					"$(inherited)",
				);
				GCC_SYMBOLS_PRIVATE_EXTERN = NO;
				GCC_WARN_64_TO_32_BIT_CONVERSION = YES;
				GCC_WARN_ABOUT_RETURN_TYPE = YES_ERROR;
				GCC_WARN_UNDECLARED_SELECTOR = YES;
				GCC_WARN_UNINITIALIZED_AUTOS = YES_AGGRESSIVE;
				GCC_WARN_UNUSED_FUNCTION = YES;
				GCC_WARN_UNUSED_VARIABLE = YES;
				IPHONEOS_DEPLOYMENT_TARGET = 8.4;
				MTL_ENABLE_DEBUG_INFO = YES;
				ONLY_ACTIVE_ARCH = YES;
				SDKROOT = iphoneos;
			};
			name = Debug;
		};
		F9FFDEEC1B72EBC700B9AA82 /* Release */ = {
			isa = XCBuildConfiguration;
			buildSettings = {
				ALWAYS_SEARCH_USER_PATHS = NO;
				CLANG_CXX_LANGUAGE_STANDARD = "gnu++0x";
				CLANG_CXX_LIBRARY = "libc++";
				CLANG_ENABLE_MODULES = YES;
				CLANG_ENABLE_OBJC_ARC = YES;
				CLANG_WARN_BOOL_CONVERSION = YES;
				CLANG_WARN_CONSTANT_CONVERSION = YES;
				CLANG_WARN_DIRECT_OBJC_ISA_USAGE = YES_ERROR;
				CLANG_WARN_EMPTY_BODY = YES;
				CLANG_WARN_ENUM_CONVERSION = YES;
				CLANG_WARN_INT_CONVERSION = YES;
				CLANG_WARN_OBJC_ROOT_CLASS = YES_ERROR;
				CLANG_WARN_UNREACHABLE_CODE = YES;
				CLANG_WARN__DUPLICATE_METHOD_MATCH = YES;
				"CODE_SIGN_IDENTITY[sdk=iphoneos*]" = "iPhone Developer";
				COPY_PHASE_STRIP = NO;
				DEBUG_INFORMATION_FORMAT = "dwarf-with-dsym";
				ENABLE_NS_ASSERTIONS = NO;
				ENABLE_STRICT_OBJC_MSGSEND = YES;
				GCC_C_LANGUAGE_STANDARD = gnu99;
				GCC_NO_COMMON_BLOCKS = YES;
				GCC_WARN_64_TO_32_BIT_CONVERSION = YES;
				GCC_WARN_ABOUT_RETURN_TYPE = YES_ERROR;
				GCC_WARN_UNDECLARED_SELECTOR = YES;
				GCC_WARN_UNINITIALIZED_AUTOS = YES_AGGRESSIVE;
				GCC_WARN_UNUSED_FUNCTION = YES;
				GCC_WARN_UNUSED_VARIABLE = YES;
				IPHONEOS_DEPLOYMENT_TARGET = 8.4;
				MTL_ENABLE_DEBUG_INFO = NO;
				SDKROOT = iphoneos;
				VALIDATE_PRODUCT = YES;
			};
			name = Release;
		};
		F9FFDEEE1B72EBC700B9AA82 /* Debug */ = {
			isa = XCBuildConfiguration;
			baseConfigurationReference = EB15E7BFC943C47A07B6E749 /* Pods.debug.xcconfig */;
			buildSettings = {
				ASSETCATALOG_COMPILER_APPICON_NAME = AppIcon;
				CODE_SIGN_IDENTITY = "iPhone Developer";
				HEADER_SEARCH_PATHS = (
					"$(inherited)",
					/Applications/Xcode.app/Contents/Developer/Toolchains/XcodeDefault.xctoolchain/usr/include,
					"${SDKROOT}/usr/include/libxml2/**",
				);
				INFOPLIST_FILE = Ars/Info.plist;
				IPHONEOS_DEPLOYMENT_TARGET = 7.0;
				LD_RUNPATH_SEARCH_PATHS = "$(inherited) @executable_path/Frameworks";
				PRODUCT_NAME = "$(TARGET_NAME)";
			};
			name = Debug;
		};
		F9FFDEEF1B72EBC700B9AA82 /* Release */ = {
			isa = XCBuildConfiguration;
			baseConfigurationReference = F763965208308A0E441C317B /* Pods.release.xcconfig */;
			buildSettings = {
				ASSETCATALOG_COMPILER_APPICON_NAME = AppIcon;
				CODE_SIGN_IDENTITY = "iPhone Developer";
				HEADER_SEARCH_PATHS = (
					"$(inherited)",
					/Applications/Xcode.app/Contents/Developer/Toolchains/XcodeDefault.xctoolchain/usr/include,
					"${SDKROOT}/usr/include/libxml2/**",
				);
				INFOPLIST_FILE = Ars/Info.plist;
				IPHONEOS_DEPLOYMENT_TARGET = 7.0;
				LD_RUNPATH_SEARCH_PATHS = "$(inherited) @executable_path/Frameworks";
				PRODUCT_NAME = "$(TARGET_NAME)";
			};
			name = Release;
		};
		F9FFDEF11B72EBC700B9AA82 /* Debug */ = {
			isa = XCBuildConfiguration;
			buildSettings = {
				BUNDLE_LOADER = "$(TEST_HOST)";
				FRAMEWORK_SEARCH_PATHS = (
					"$(SDKROOT)/Developer/Library/Frameworks",
					"$(inherited)",
				);
				GCC_PREPROCESSOR_DEFINITIONS = (
					"DEBUG=1",
					"$(inherited)",
				);
				INFOPLIST_FILE = ArsTests/Info.plist;
				LD_RUNPATH_SEARCH_PATHS = "$(inherited) @executable_path/Frameworks @loader_path/Frameworks";
				PRODUCT_NAME = "$(TARGET_NAME)";
				TEST_HOST = "$(BUILT_PRODUCTS_DIR)/Ars.app/Ars";
			};
			name = Debug;
		};
		F9FFDEF21B72EBC700B9AA82 /* Release */ = {
			isa = XCBuildConfiguration;
			buildSettings = {
				BUNDLE_LOADER = "$(TEST_HOST)";
				FRAMEWORK_SEARCH_PATHS = (
					"$(SDKROOT)/Developer/Library/Frameworks",
					"$(inherited)",
				);
				INFOPLIST_FILE = ArsTests/Info.plist;
				LD_RUNPATH_SEARCH_PATHS = "$(inherited) @executable_path/Frameworks @loader_path/Frameworks";
				PRODUCT_NAME = "$(TARGET_NAME)";
				TEST_HOST = "$(BUILT_PRODUCTS_DIR)/Ars.app/Ars";
			};
			name = Release;
		};
/* End XCBuildConfiguration section */

/* Begin XCConfigurationList section */
		F9FFDEC51B72EBC700B9AA82 /* Build configuration list for PBXProject "Ars" */ = {
			isa = XCConfigurationList;
			buildConfigurations = (
				F9FFDEEB1B72EBC700B9AA82 /* Debug */,
				F9FFDEEC1B72EBC700B9AA82 /* Release */,
			);
			defaultConfigurationIsVisible = 0;
			defaultConfigurationName = Release;
		};
		F9FFDEED1B72EBC700B9AA82 /* Build configuration list for PBXNativeTarget "Ars" */ = {
			isa = XCConfigurationList;
			buildConfigurations = (
				F9FFDEEE1B72EBC700B9AA82 /* Debug */,
				F9FFDEEF1B72EBC700B9AA82 /* Release */,
			);
			defaultConfigurationIsVisible = 0;
			defaultConfigurationName = Release;
		};
		F9FFDEF01B72EBC700B9AA82 /* Build configuration list for PBXNativeTarget "ArsTests" */ = {
			isa = XCConfigurationList;
			buildConfigurations = (
				F9FFDEF11B72EBC700B9AA82 /* Debug */,
				F9FFDEF21B72EBC700B9AA82 /* Release */,
			);
			defaultConfigurationIsVisible = 0;
			defaultConfigurationName = Release;
		};
/* End XCConfigurationList section */
	};
	rootObject = F9FFDEC21B72EBC700B9AA82 /* Project object */;
}
